// !$*UTF8*$!
{
	archiveVersion = 1;
	classes = {
	};
	objectVersion = 48;
	objects = {

/* Begin PBXBuildFile section */
		9F5FC5231FB6687700372E15 /* AppDelegate.swift in Sources */ = {isa = PBXBuildFile; fileRef = 9F5FC5221FB6687700372E15 /* AppDelegate.swift */; };
		9F5FC5281FB6687700372E15 /* Main.storyboard in Resources */ = {isa = PBXBuildFile; fileRef = 9F5FC5261FB6687700372E15 /* Main.storyboard */; };
		9F5FC52A1FB6687700372E15 /* Assets.xcassets in Resources */ = {isa = PBXBuildFile; fileRef = 9F5FC5291FB6687700372E15 /* Assets.xcassets */; };
		9F5FC52D1FB6687700372E15 /* LaunchScreen.storyboard in Resources */ = {isa = PBXBuildFile; fileRef = 9F5FC52B1FB6687700372E15 /* LaunchScreen.storyboard */; };
		9F5FC5381FB6687700372E15 /* buttonsTests.swift in Sources */ = {isa = PBXBuildFile; fileRef = 9F5FC5371FB6687700372E15 /* buttonsTests.swift */; };
		9F5FC5431FB6687700372E15 /* buttonsUITests.swift in Sources */ = {isa = PBXBuildFile; fileRef = 9F5FC5421FB6687700372E15 /* buttonsUITests.swift */; };
		9F5FC5551FB669DE00372E15 /* StartViewController.swift in Sources */ = {isa = PBXBuildFile; fileRef = 9F5FC5541FB669DE00372E15 /* StartViewController.swift */; };
		9F5FC5571FB669EE00372E15 /* FinalViewController.swift in Sources */ = {isa = PBXBuildFile; fileRef = 9F5FC5561FB669EE00372E15 /* FinalViewController.swift */; };
/* End PBXBuildFile section */

/* Begin PBXContainerItemProxy section */
		9F5FC5341FB6687700372E15 /* PBXContainerItemProxy */ = {
			isa = PBXContainerItemProxy;
			containerPortal = 9F5FC5171FB6687600372E15 /* Project object */;
			proxyType = 1;
			remoteGlobalIDString = 9F5FC51E1FB6687700372E15;
			remoteInfo = buttons;
		};
		9F5FC53F1FB6687700372E15 /* PBXContainerItemProxy */ = {
			isa = PBXContainerItemProxy;
			containerPortal = 9F5FC5171FB6687600372E15 /* Project object */;
			proxyType = 1;
			remoteGlobalIDString = 9F5FC51E1FB6687700372E15;
			remoteInfo = buttons;
		};
/* End PBXContainerItemProxy section */

/* Begin PBXFileReference section */
		9F5FC51F1FB6687700372E15 /* buttons.app */ = {isa = PBXFileReference; explicitFileType = wrapper.application; includeInIndex = 0; path = buttons.app; sourceTree = BUILT_PRODUCTS_DIR; };
		9F5FC5221FB6687700372E15 /* AppDelegate.swift */ = {isa = PBXFileReference; lastKnownFileType = sourcecode.swift; path = AppDelegate.swift; sourceTree = "<group>"; };
		9F5FC5271FB6687700372E15 /* Base */ = {isa = PBXFileReference; lastKnownFileType = file.storyboard; name = Base; path = Base.lproj/Main.storyboard; sourceTree = "<group>"; };
		9F5FC5291FB6687700372E15 /* Assets.xcassets */ = {isa = PBXFileReference; lastKnownFileType = folder.assetcatalog; path = Assets.xcassets; sourceTree = "<group>"; };
		9F5FC52C1FB6687700372E15 /* Base */ = {isa = PBXFileReference; lastKnownFileType = file.storyboard; name = Base; path = Base.lproj/LaunchScreen.storyboard; sourceTree = "<group>"; };
		9F5FC52E1FB6687700372E15 /* Info.plist */ = {isa = PBXFileReference; lastKnownFileType = text.plist.xml; path = Info.plist; sourceTree = "<group>"; };
		9F5FC5331FB6687700372E15 /* buttonsTests.xctest */ = {isa = PBXFileReference; explicitFileType = wrapper.cfbundle; includeInIndex = 0; path = buttonsTests.xctest; sourceTree = BUILT_PRODUCTS_DIR; };
		9F5FC5371FB6687700372E15 /* buttonsTests.swift */ = {isa = PBXFileReference; lastKnownFileType = sourcecode.swift; path = buttonsTests.swift; sourceTree = "<group>"; };
		9F5FC5391FB6687700372E15 /* Info.plist */ = {isa = PBXFileReference; lastKnownFileType = text.plist.xml; path = Info.plist; sourceTree = "<group>"; };
		9F5FC53E1FB6687700372E15 /* buttonsUITests.xctest */ = {isa = PBXFileReference; explicitFileType = wrapper.cfbundle; includeInIndex = 0; path = buttonsUITests.xctest; sourceTree = BUILT_PRODUCTS_DIR; };
		9F5FC5421FB6687700372E15 /* buttonsUITests.swift */ = {isa = PBXFileReference; lastKnownFileType = sourcecode.swift; path = buttonsUITests.swift; sourceTree = "<group>"; };
		9F5FC5441FB6687700372E15 /* Info.plist */ = {isa = PBXFileReference; lastKnownFileType = text.plist.xml; path = Info.plist; sourceTree = "<group>"; };
		9F5FC5541FB669DE00372E15 /* StartViewController.swift */ = {isa = PBXFileReference; fileEncoding = 4; lastKnownFileType = sourcecode.swift; path = StartViewController.swift; sourceTree = "<group>"; };
		9F5FC5561FB669EE00372E15 /* FinalViewController.swift */ = {isa = PBXFileReference; fileEncoding = 4; lastKnownFileType = sourcecode.swift; path = FinalViewController.swift; sourceTree = "<group>"; };
/* End PBXFileReference section */

/* Begin PBXFrameworksBuildPhase section */
		9F5FC51C1FB6687700372E15 /* Frameworks */ = {
			isa = PBXFrameworksBuildPhase;
			buildActionMask = 2147483647;
			files = (
			);
			runOnlyForDeploymentPostprocessing = 0;
		};
		9F5FC5301FB6687700372E15 /* Frameworks */ = {
			isa = PBXFrameworksBuildPhase;
			buildActionMask = 2147483647;
			files = (
			);
			runOnlyForDeploymentPostprocessing = 0;
		};
		9F5FC53B1FB6687700372E15 /* Frameworks */ = {
			isa = PBXFrameworksBuildPhase;
			buildActionMask = 2147483647;
			files = (
			);
			runOnlyForDeploymentPostprocessing = 0;
		};
/* End PBXFrameworksBuildPhase section */

/* Begin PBXGroup section */
		9F5FC5161FB6687600372E15 = {
			isa = PBXGroup;
			children = (
				9F5FC5211FB6687700372E15 /* buttons */,
				9F5FC5361FB6687700372E15 /* buttonsTests */,
				9F5FC5411FB6687700372E15 /* buttonsUITests */,
				9F5FC5201FB6687700372E15 /* Products */,
			);
			sourceTree = "<group>";
		};
		9F5FC5201FB6687700372E15 /* Products */ = {
			isa = PBXGroup;
			children = (
				9F5FC51F1FB6687700372E15 /* buttons.app */,
				9F5FC5331FB6687700372E15 /* buttonsTests.xctest */,
				9F5FC53E1FB6687700372E15 /* buttonsUITests.xctest */,
			);
			name = Products;
			sourceTree = "<group>";
		};
		9F5FC5211FB6687700372E15 /* buttons */ = {
			isa = PBXGroup;
			children = (
				9F5FC5221FB6687700372E15 /* AppDelegate.swift */,
				9F5FC5541FB669DE00372E15 /* StartViewController.swift */,
				9F5FC5561FB669EE00372E15 /* FinalViewController.swift */,
				9F5FC5261FB6687700372E15 /* Main.storyboard */,
				9F5FC5291FB6687700372E15 /* Assets.xcassets */,
				9F5FC52B1FB6687700372E15 /* LaunchScreen.storyboard */,
				9F5FC52E1FB6687700372E15 /* Info.plist */,
			);
			path = buttons;
			sourceTree = "<group>";
		};
		9F5FC5361FB6687700372E15 /* buttonsTests */ = {
			isa = PBXGroup;
			children = (
				9F5FC5371FB6687700372E15 /* buttonsTests.swift */,
				9F5FC5391FB6687700372E15 /* Info.plist */,
			);
			path = buttonsTests;
			sourceTree = "<group>";
		};
		9F5FC5411FB6687700372E15 /* buttonsUITests */ = {
			isa = PBXGroup;
			children = (
				9F5FC5421FB6687700372E15 /* buttonsUITests.swift */,
				9F5FC5441FB6687700372E15 /* Info.plist */,
			);
			path = buttonsUITests;
			sourceTree = "<group>";
		};
/* End PBXGroup section */

/* Begin PBXNativeTarget section */
		9F5FC51E1FB6687700372E15 /* buttons */ = {
			isa = PBXNativeTarget;
			buildConfigurationList = 9F5FC5471FB6687700372E15 /* Build configuration list for PBXNativeTarget "buttons" */;
			buildPhases = (
				9F5FC51B1FB6687700372E15 /* Sources */,
				9F5FC51C1FB6687700372E15 /* Frameworks */,
				9F5FC51D1FB6687700372E15 /* Resources */,
			);
			buildRules = (
			);
			dependencies = (
			);
			name = buttons;
			productName = buttons;
			productReference = 9F5FC51F1FB6687700372E15 /* buttons.app */;
			productType = "com.apple.product-type.application";
		};
		9F5FC5321FB6687700372E15 /* buttonsTests */ = {
			isa = PBXNativeTarget;
			buildConfigurationList = 9F5FC54A1FB6687700372E15 /* Build configuration list for PBXNativeTarget "buttonsTests" */;
			buildPhases = (
				9F5FC52F1FB6687700372E15 /* Sources */,
				9F5FC5301FB6687700372E15 /* Frameworks */,
				9F5FC5311FB6687700372E15 /* Resources */,
			);
			buildRules = (
			);
			dependencies = (
				9F5FC5351FB6687700372E15 /* PBXTargetDependency */,
			);
			name = buttonsTests;
			productName = buttonsTests;
			productReference = 9F5FC5331FB6687700372E15 /* buttonsTests.xctest */;
			productType = "com.apple.product-type.bundle.unit-test";
		};
		9F5FC53D1FB6687700372E15 /* buttonsUITests */ = {
			isa = PBXNativeTarget;
			buildConfigurationList = 9F5FC54D1FB6687700372E15 /* Build configuration list for PBXNativeTarget "buttonsUITests" */;
			buildPhases = (
				9F5FC53A1FB6687700372E15 /* Sources */,
				9F5FC53B1FB6687700372E15 /* Frameworks */,
				9F5FC53C1FB6687700372E15 /* Resources */,
			);
			buildRules = (
			);
			dependencies = (
				9F5FC5401FB6687700372E15 /* PBXTargetDependency */,
			);
			name = buttonsUITests;
			productName = buttonsUITests;
			productReference = 9F5FC53E1FB6687700372E15 /* buttonsUITests.xctest */;
			productType = "com.apple.product-type.bundle.ui-testing";
		};
/* End PBXNativeTarget section */

/* Begin PBXProject section */
		9F5FC5171FB6687600372E15 /* Project object */ = {
			isa = PBXProject;
			attributes = {
				LastSwiftUpdateCheck = 0910;
				LastUpgradeCheck = 0910;
				ORGANIZATIONNAME = "Pedro Paulo";
				TargetAttributes = {
					9F5FC51E1FB6687700372E15 = {
						CreatedOnToolsVersion = 9.1;
						ProvisioningStyle = Automatic;
					};
					9F5FC5321FB6687700372E15 = {
						CreatedOnToolsVersion = 9.1;
						ProvisioningStyle = Automatic;
						TestTargetID = 9F5FC51E1FB6687700372E15;
					};
					9F5FC53D1FB6687700372E15 = {
						CreatedOnToolsVersion = 9.1;
						ProvisioningStyle = Automatic;
						TestTargetID = 9F5FC51E1FB6687700372E15;
					};
				};
			};
			buildConfigurationList = 9F5FC51A1FB6687600372E15 /* Build configuration list for PBXProject "buttons" */;
			compatibilityVersion = "Xcode 8.0";
			developmentRegion = en;
			hasScannedForEncodings = 0;
			knownRegions = (
				en,
				Base,
			);
			mainGroup = 9F5FC5161FB6687600372E15;
			productRefGroup = 9F5FC5201FB6687700372E15 /* Products */;
			projectDirPath = "";
			projectRoot = "";
			targets = (
				9F5FC51E1FB6687700372E15 /* buttons */,
				9F5FC5321FB6687700372E15 /* buttonsTests */,
				9F5FC53D1FB6687700372E15 /* buttonsUITests */,
			);
		};
/* End PBXProject section */

/* Begin PBXResourcesBuildPhase section */
		9F5FC51D1FB6687700372E15 /* Resources */ = {
			isa = PBXResourcesBuildPhase;
			buildActionMask = 2147483647;
			files = (
				9F5FC52D1FB6687700372E15 /* LaunchScreen.storyboard in Resources */,
				9F5FC52A1FB6687700372E15 /* Assets.xcassets in Resources */,
				9F5FC5281FB6687700372E15 /* Main.storyboard in Resources */,
			);
			runOnlyForDeploymentPostprocessing = 0;
		};
		9F5FC5311FB6687700372E15 /* Resources */ = {
			isa = PBXResourcesBuildPhase;
			buildActionMask = 2147483647;
			files = (
			);
			runOnlyForDeploymentPostprocessing = 0;
		};
		9F5FC53C1FB6687700372E15 /* Resources */ = {
			isa = PBXResourcesBuildPhase;
			buildActionMask = 2147483647;
			files = (
			);
			runOnlyForDeploymentPostprocessing = 0;
		};
/* End PBXResourcesBuildPhase section */

/* Begin PBXSourcesBuildPhase section */
		9F5FC51B1FB6687700372E15 /* Sources */ = {
			isa = PBXSourcesBuildPhase;
			buildActionMask = 2147483647;
			files = (
				9F5FC5571FB669EE00372E15 /* FinalViewController.swift in Sources */,
				9F5FC5231FB6687700372E15 /* AppDelegate.swift in Sources */,
				9F5FC5551FB669DE00372E15 /* StartViewController.swift in Sources */,
			);
			runOnlyForDeploymentPostprocessing = 0;
		};
		9F5FC52F1FB6687700372E15 /* Sources */ = {
			isa = PBXSourcesBuildPhase;
			buildActionMask = 2147483647;
			files = (
				9F5FC5381FB6687700372E15 /* buttonsTests.swift in Sources */,
			);
			runOnlyForDeploymentPostprocessing = 0;
		};
		9F5FC53A1FB6687700372E15 /* Sources */ = {
			isa = PBXSourcesBuildPhase;
			buildActionMask = 2147483647;
			files = (
				9F5FC5431FB6687700372E15 /* buttonsUITests.swift in Sources */,
			);
			runOnlyForDeploymentPostprocessing = 0;
		};
/* End PBXSourcesBuildPhase section */

/* Begin PBXTargetDependency section */
		9F5FC5351FB6687700372E15 /* PBXTargetDependency */ = {
			isa = PBXTargetDependency;
			target = 9F5FC51E1FB6687700372E15 /* buttons */;
			targetProxy = 9F5FC5341FB6687700372E15 /* PBXContainerItemProxy */;
		};
		9F5FC5401FB6687700372E15 /* PBXTargetDependency */ = {
			isa = PBXTargetDependency;
			target = 9F5FC51E1FB6687700372E15 /* buttons */;
			targetProxy = 9F5FC53F1FB6687700372E15 /* PBXContainerItemProxy */;
		};
/* End PBXTargetDependency section */

/* Begin PBXVariantGroup section */
		9F5FC5261FB6687700372E15 /* Main.storyboard */ = {
			isa = PBXVariantGroup;
			children = (
				9F5FC5271FB6687700372E15 /* Base */,
			);
			name = Main.storyboard;
			sourceTree = "<group>";
		};
		9F5FC52B1FB6687700372E15 /* LaunchScreen.storyboard */ = {
			isa = PBXVariantGroup;
			children = (
				9F5FC52C1FB6687700372E15 /* Base */,
			);
			name = LaunchScreen.storyboard;
			sourceTree = "<group>";
		};
/* End PBXVariantGroup section */

/* Begin XCBuildConfiguration section */
		9F5FC5451FB6687700372E15 /* Debug */ = {
			isa = XCBuildConfiguration;
			buildSettings = {
				ALWAYS_SEARCH_USER_PATHS = NO;
				CLANG_ANALYZER_NONNULL = YES;
				CLANG_ANALYZER_NUMBER_OBJECT_CONVERSION = YES_AGGRESSIVE;
				CLANG_CXX_LANGUAGE_STANDARD = "gnu++14";
				CLANG_CXX_LIBRARY = "libc++";
				CLANG_ENABLE_MODULES = YES;
				CLANG_ENABLE_OBJC_ARC = YES;
				CLANG_WARN_BLOCK_CAPTURE_AUTORELEASING = YES;
				CLANG_WARN_BOOL_CONVERSION = YES;
				CLANG_WARN_COMMA = YES;
				CLANG_WARN_CONSTANT_CONVERSION = YES;
				CLANG_WARN_DIRECT_OBJC_ISA_USAGE = YES_ERROR;
				CLANG_WARN_DOCUMENTATION_COMMENTS = YES;
				CLANG_WARN_EMPTY_BODY = YES;
				CLANG_WARN_ENUM_CONVERSION = YES;
				CLANG_WARN_INFINITE_RECURSION = YES;
				CLANG_WARN_INT_CONVERSION = YES;
				CLANG_WARN_NON_LITERAL_NULL_CONVERSION = YES;
				CLANG_WARN_OBJC_LITERAL_CONVERSION = YES;
				CLANG_WARN_OBJC_ROOT_CLASS = YES_ERROR;
				CLANG_WARN_RANGE_LOOP_ANALYSIS = YES;
				CLANG_WARN_STRICT_PROTOTYPES = YES;
				CLANG_WARN_SUSPICIOUS_MOVE = YES;
				CLANG_WARN_UNGUARDED_AVAILABILITY = YES_AGGRESSIVE;
				CLANG_WARN_UNREACHABLE_CODE = YES;
				CLANG_WARN__DUPLICATE_METHOD_MATCH = YES;
				CODE_SIGN_IDENTITY = "iPhone Developer";
				COPY_PHASE_STRIP = NO;
				DEBUG_INFORMATION_FORMAT = dwarf;
				ENABLE_STRICT_OBJC_MSGSEND = YES;
				ENABLE_TESTABILITY = YES;
				GCC_C_LANGUAGE_STANDARD = gnu11;
				GCC_DYNAMIC_NO_PIC = NO;
				GCC_NO_COMMON_BLOCKS = YES;
				GCC_OPTIMIZATION_LEVEL = 0;
				GCC_PREPROCESSOR_DEFINITIONS = (
					"DEBUG=1",
					"$(inherited)",
				);
				GCC_WARN_64_TO_32_BIT_CONVERSION = YES;
				GCC_WARN_ABOUT_RETURN_TYPE = YES_ERROR;
				GCC_WARN_UNDECLARED_SELECTOR = YES;
				GCC_WARN_UNINITIALIZED_AUTOS = YES_AGGRESSIVE;
				GCC_WARN_UNUSED_FUNCTION = YES;
				GCC_WARN_UNUSED_VARIABLE = YES;
				IPHONEOS_DEPLOYMENT_TARGET = 11.1;
				MTL_ENABLE_DEBUG_INFO = YES;
				ONLY_ACTIVE_ARCH = YES;
				SDKROOT = iphoneos;
				SWIFT_ACTIVE_COMPILATION_CONDITIONS = DEBUG;
				SWIFT_OPTIMIZATION_LEVEL = "-Onone";
			};
			name = Debug;
		};
		9F5FC5461FB6687700372E15 /* Release */ = {
			isa = XCBuildConfiguration;
			buildSettings = {
				ALWAYS_SEARCH_USER_PATHS = NO;
				CLANG_ANALYZER_NONNULL = YES;
				CLANG_ANALYZER_NUMBER_OBJECT_CONVERSION = YES_AGGRESSIVE;
				CLANG_CXX_LANGUAGE_STANDARD = "gnu++14";
				CLANG_CXX_LIBRARY = "libc++";
				CLANG_ENABLE_MODULES = YES;
				CLANG_ENABLE_OBJC_ARC = YES;
				CLANG_WARN_BLOCK_CAPTURE_AUTORELEASING = YES;
				CLANG_WARN_BOOL_CONVERSION = YES;
				CLANG_WARN_COMMA = YES;
				CLANG_WARN_CONSTANT_CONVERSION = YES;
				CLANG_WARN_DIRECT_OBJC_ISA_USAGE = YES_ERROR;
				CLANG_WARN_DOCUMENTATION_COMMENTS = YES;
				CLANG_WARN_EMPTY_BODY = YES;
				CLANG_WARN_ENUM_CONVERSION = YES;
				CLANG_WARN_INFINITE_RECURSION = YES;
				CLANG_WARN_INT_CONVERSION = YES;
				CLANG_WARN_NON_LITERAL_NULL_CONVERSION = YES;
				CLANG_WARN_OBJC_LITERAL_CONVERSION = YES;
				CLANG_WARN_OBJC_ROOT_CLASS = YES_ERROR;
				CLANG_WARN_RANGE_LOOP_ANALYSIS = YES;
				CLANG_WARN_STRICT_PROTOTYPES = YES;
				CLANG_WARN_SUSPICIOUS_MOVE = YES;
				CLANG_WARN_UNGUARDED_AVAILABILITY = YES_AGGRESSIVE;
				CLANG_WARN_UNREACHABLE_CODE = YES;
				CLANG_WARN__DUPLICATE_METHOD_MATCH = YES;
				CODE_SIGN_IDENTITY = "iPhone Developer";
				COPY_PHASE_STRIP = NO;
				DEBUG_INFORMATION_FORMAT = "dwarf-with-dsym";
				ENABLE_NS_ASSERTIONS = NO;
				ENABLE_STRICT_OBJC_MSGSEND = YES;
				GCC_C_LANGUAGE_STANDARD = gnu11;
				GCC_NO_COMMON_BLOCKS = YES;
				GCC_WARN_64_TO_32_BIT_CONVERSION = YES;
				GCC_WARN_ABOUT_RETURN_TYPE = YES_ERROR;
				GCC_WARN_UNDECLARED_SELECTOR = YES;
				GCC_WARN_UNINITIALIZED_AUTOS = YES_AGGRESSIVE;
				GCC_WARN_UNUSED_FUNCTION = YES;
				GCC_WARN_UNUSED_VARIABLE = YES;
				IPHONEOS_DEPLOYMENT_TARGET = 11.1;
				MTL_ENABLE_DEBUG_INFO = NO;
				SDKROOT = iphoneos;
				SWIFT_OPTIMIZATION_LEVEL = "-Owholemodule";
				VALIDATE_PRODUCT = YES;
			};
			name = Release;
		};
		9F5FC5481FB6687700372E15 /* Debug */ = {
			isa = XCBuildConfiguration;
			buildSettings = {
				ASSETCATALOG_COMPILER_APPICON_NAME = AppIcon;
				CODE_SIGN_STYLE = Automatic;
				INFOPLIST_FILE = buttons/Info.plist;
				LD_RUNPATH_SEARCH_PATHS = "$(inherited) @executable_path/Frameworks";
				PRODUCT_BUNDLE_IDENTIFIER = com.ppro.buttons;
				PRODUCT_NAME = "$(TARGET_NAME)";
				SWIFT_VERSION = 4.0;
				TARGETED_DEVICE_FAMILY = "1,2";
			};
			name = Debug;
		};
		9F5FC5491FB6687700372E15 /* Release */ = {
			isa = XCBuildConfiguration;
			buildSettings = {
				ASSETCATALOG_COMPILER_APPICON_NAME = AppIcon;
				CODE_SIGN_STYLE = Automatic;
				INFOPLIST_FILE = buttons/Info.plist;
				LD_RUNPATH_SEARCH_PATHS = "$(inherited) @executable_path/Frameworks";
				PRODUCT_BUNDLE_IDENTIFIER = com.ppro.buttons;
				PRODUCT_NAME = "$(TARGET_NAME)";
				SWIFT_VERSION = 4.0;
				TARGETED_DEVICE_FAMILY = "1,2";
			};
			name = Release;
		};
		9F5FC54B1FB6687700372E15 /* Debug */ = {
			isa = XCBuildConfiguration;
			buildSettings = {
				ALWAYS_EMBED_SWIFT_STANDARD_LIBRARIES = YES;
				BUNDLE_LOADER = "$(TEST_HOST)";
				CODE_SIGN_STYLE = Automatic;
				INFOPLIST_FILE = buttonsTests/Info.plist;
				LD_RUNPATH_SEARCH_PATHS = "$(inherited) @executable_path/Frameworks @loader_path/Frameworks";
				PRODUCT_BUNDLE_IDENTIFIER = com.ppro.buttonsTests;
				PRODUCT_NAME = "$(TARGET_NAME)";
				SWIFT_VERSION = 4.0;
				TARGETED_DEVICE_FAMILY = "1,2";
				TEST_HOST = "$(BUILT_PRODUCTS_DIR)/buttons.app/buttons";
			};
			name = Debug;
		};
		9F5FC54C1FB6687700372E15 /* Release */ = {
			isa = XCBuildConfiguration;
			buildSettings = {
				ALWAYS_EMBED_SWIFT_STANDARD_LIBRARIES = YES;
				BUNDLE_LOADER = "$(TEST_HOST)";
				CODE_SIGN_STYLE = Automatic;
				INFOPLIST_FILE = buttonsTests/Info.plist;
				LD_RUNPATH_SEARCH_PATHS = "$(inherited) @executable_path/Frameworks @loader_path/Frameworks";
				PRODUCT_BUNDLE_IDENTIFIER = com.ppro.buttonsTests;
				PRODUCT_NAME = "$(TARGET_NAME)";
				SWIFT_VERSION = 4.0;
				TARGETED_DEVICE_FAMILY = "1,2";
				TEST_HOST = "$(BUILT_PRODUCTS_DIR)/buttons.app/buttons";
			};
			name = Release;
		};
		9F5FC54E1FB6687700372E15 /* Debug */ = {
			isa = XCBuildConfiguration;
			buildSettings = {
				ALWAYS_EMBED_SWIFT_STANDARD_LIBRARIES = YES;
				CODE_SIGN_STYLE = Automatic;
				INFOPLIST_FILE = buttonsUITests/Info.plist;
				LD_RUNPATH_SEARCH_PATHS = "$(inherited) @executable_path/Frameworks @loader_path/Frameworks";
				PRODUCT_BUNDLE_IDENTIFIER = com.ppro.buttonsUITests;
				PRODUCT_NAME = "$(TARGET_NAME)";
				SWIFT_VERSION = 4.0;
				TARGETED_DEVICE_FAMILY = "1,2";
				TEST_TARGET_NAME = buttons;
			};
			name = Debug;
		};
		9F5FC54F1FB6687700372E15 /* Release */ = {
			isa = XCBuildConfiguration;
			buildSettings = {
				ALWAYS_EMBED_SWIFT_STANDARD_LIBRARIES = YES;
				CODE_SIGN_STYLE = Automatic;
				INFOPLIST_FILE = buttonsUITests/Info.plist;
				LD_RUNPATH_SEARCH_PATHS = "$(inherited) @executable_path/Frameworks @loader_path/Frameworks";
				PRODUCT_BUNDLE_IDENTIFIER = com.ppro.buttonsUITests;
				PRODUCT_NAME = "$(TARGET_NAME)";
				SWIFT_VERSION = 4.0;
				TARGETED_DEVICE_FAMILY = "1,2";
				TEST_TARGET_NAME = buttons;
			};
			name = Release;
		};
/* End XCBuildConfiguration section */

/* Begin XCConfigurationList section */
		9F5FC51A1FB6687600372E15 /* Build configuration list for PBXProject "buttons" */ = {
			isa = XCConfigurationList;
			buildConfigurations = (
				9F5FC5451FB6687700372E15 /* Debug */,
				9F5FC5461FB6687700372E15 /* Release */,
			);
			defaultConfigurationIsVisible = 0;
			defaultConfigurationName = Release;
		};
		9F5FC5471FB6687700372E15 /* Build configuration list for PBXNativeTarget "buttons" */ = {
			isa = XCConfigurationList;
			buildConfigurations = (
				9F5FC5481FB6687700372E15 /* Debug */,
				9F5FC5491FB6687700372E15 /* Release */,
			);
			defaultConfigurationIsVisible = 0;
			defaultConfigurationName = Release;
		};
		9F5FC54A1FB6687700372E15 /* Build configuration list for PBXNativeTarget "buttonsTests" */ = {
			isa = XCConfigurationList;
			buildConfigurations = (
				9F5FC54B1FB6687700372E15 /* Debug */,
				9F5FC54C1FB6687700372E15 /* Release */,
			);
			defaultConfigurationIsVisible = 0;
			defaultConfigurationName = Release;
		};
		9F5FC54D1FB6687700372E15 /* Build configuration list for PBXNativeTarget "buttonsUITests" */ = {
			isa = XCConfigurationList;
			buildConfigurations = (
				9F5FC54E1FB6687700372E15 /* Debug */,
				9F5FC54F1FB6687700372E15 /* Release */,
			);
			defaultConfigurationIsVisible = 0;
			defaultConfigurationName = Release;
		};
/* End XCConfigurationList section */
	};
	rootObject = 9F5FC5171FB6687600372E15 /* Project object */;
}
