// !$*UTF8*$!
{
	archiveVersion = 1;
	classes = {
	};
	objectVersion = 48;
	objects = {

/* Begin PBXBuildFile section */
		9F5FC5DD1FB67A3E00372E15 /* AppDelegate.swift in Sources */ = {isa = PBXBuildFile; fileRef = 9F5FC5DC1FB67A3E00372E15 /* AppDelegate.swift */; };
		9F5FC5DF1FB67A3E00372E15 /* ViewController.swift in Sources */ = {isa = PBXBuildFile; fileRef = 9F5FC5DE1FB67A3E00372E15 /* ViewController.swift */; };
		9F5FC5E21FB67A3E00372E15 /* Main.storyboard in Resources */ = {isa = PBXBuildFile; fileRef = 9F5FC5E01FB67A3E00372E15 /* Main.storyboard */; };
		9F5FC5E41FB67A3E00372E15 /* Assets.xcassets in Resources */ = {isa = PBXBuildFile; fileRef = 9F5FC5E31FB67A3E00372E15 /* Assets.xcassets */; };
		9F5FC5E71FB67A3E00372E15 /* LaunchScreen.storyboard in Resources */ = {isa = PBXBuildFile; fileRef = 9F5FC5E51FB67A3E00372E15 /* LaunchScreen.storyboard */; };
		9F5FC5F21FB67A3E00372E15 /* ConstrantsTests.swift in Sources */ = {isa = PBXBuildFile; fileRef = 9F5FC5F11FB67A3E00372E15 /* ConstrantsTests.swift */; };
		9F5FC5FD1FB67A3E00372E15 /* ConstrantsUITests.swift in Sources */ = {isa = PBXBuildFile; fileRef = 9F5FC5FC1FB67A3E00372E15 /* ConstrantsUITests.swift */; };
/* End PBXBuildFile section */

/* Begin PBXContainerItemProxy section */
		9F5FC5EE1FB67A3E00372E15 /* PBXContainerItemProxy */ = {
			isa = PBXContainerItemProxy;
			containerPortal = 9F5FC5D11FB67A3E00372E15 /* Project object */;
			proxyType = 1;
			remoteGlobalIDString = 9F5FC5D81FB67A3E00372E15;
			remoteInfo = Constrants;
		};
		9F5FC5F91FB67A3E00372E15 /* PBXContainerItemProxy */ = {
			isa = PBXContainerItemProxy;
			containerPortal = 9F5FC5D11FB67A3E00372E15 /* Project object */;
			proxyType = 1;
			remoteGlobalIDString = 9F5FC5D81FB67A3E00372E15;
			remoteInfo = Constrants;
		};
/* End PBXContainerItemProxy section */

/* Begin PBXFileReference section */
		9F5FC5D91FB67A3E00372E15 /* Constrants.app */ = {isa = PBXFileReference; explicitFileType = wrapper.application; includeInIndex = 0; path = Constrants.app; sourceTree = BUILT_PRODUCTS_DIR; };
		9F5FC5DC1FB67A3E00372E15 /* AppDelegate.swift */ = {isa = PBXFileReference; lastKnownFileType = sourcecode.swift; path = AppDelegate.swift; sourceTree = "<group>"; };
		9F5FC5DE1FB67A3E00372E15 /* ViewController.swift */ = {isa = PBXFileReference; lastKnownFileType = sourcecode.swift; path = ViewController.swift; sourceTree = "<group>"; };
		9F5FC5E11FB67A3E00372E15 /* Base */ = {isa = PBXFileReference; lastKnownFileType = file.storyboard; name = Base; path = Base.lproj/Main.storyboard; sourceTree = "<group>"; };
		9F5FC5E31FB67A3E00372E15 /* Assets.xcassets */ = {isa = PBXFileReference; lastKnownFileType = folder.assetcatalog; path = Assets.xcassets; sourceTree = "<group>"; };
		9F5FC5E61FB67A3E00372E15 /* Base */ = {isa = PBXFileReference; lastKnownFileType = file.storyboard; name = Base; path = Base.lproj/LaunchScreen.storyboard; sourceTree = "<group>"; };
		9F5FC5E81FB67A3E00372E15 /* Info.plist */ = {isa = PBXFileReference; lastKnownFileType = text.plist.xml; path = Info.plist; sourceTree = "<group>"; };
		9F5FC5ED1FB67A3E00372E15 /* ConstrantsTests.xctest */ = {isa = PBXFileReference; explicitFileType = wrapper.cfbundle; includeInIndex = 0; path = ConstrantsTests.xctest; sourceTree = BUILT_PRODUCTS_DIR; };
		9F5FC5F11FB67A3E00372E15 /* ConstrantsTests.swift */ = {isa = PBXFileReference; lastKnownFileType = sourcecode.swift; path = ConstrantsTests.swift; sourceTree = "<group>"; };
		9F5FC5F31FB67A3E00372E15 /* Info.plist */ = {isa = PBXFileReference; lastKnownFileType = text.plist.xml; path = Info.plist; sourceTree = "<group>"; };
		9F5FC5F81FB67A3E00372E15 /* ConstrantsUITests.xctest */ = {isa = PBXFileReference; explicitFileType = wrapper.cfbundle; includeInIndex = 0; path = ConstrantsUITests.xctest; sourceTree = BUILT_PRODUCTS_DIR; };
		9F5FC5FC1FB67A3E00372E15 /* ConstrantsUITests.swift */ = {isa = PBXFileReference; lastKnownFileType = sourcecode.swift; path = ConstrantsUITests.swift; sourceTree = "<group>"; };
		9F5FC5FE1FB67A3E00372E15 /* Info.plist */ = {isa = PBXFileReference; lastKnownFileType = text.plist.xml; path = Info.plist; sourceTree = "<group>"; };
/* End PBXFileReference section */

/* Begin PBXFrameworksBuildPhase section */
		9F5FC5D61FB67A3E00372E15 /* Frameworks */ = {
			isa = PBXFrameworksBuildPhase;
			buildActionMask = 2147483647;
			files = (
			);
			runOnlyForDeploymentPostprocessing = 0;
		};
		9F5FC5EA1FB67A3E00372E15 /* Frameworks */ = {
			isa = PBXFrameworksBuildPhase;
			buildActionMask = 2147483647;
			files = (
			);
			runOnlyForDeploymentPostprocessing = 0;
		};
		9F5FC5F51FB67A3E00372E15 /* Frameworks */ = {
			isa = PBXFrameworksBuildPhase;
			buildActionMask = 2147483647;
			files = (
			);
			runOnlyForDeploymentPostprocessing = 0;
		};
/* End PBXFrameworksBuildPhase section */

/* Begin PBXGroup section */
		9F5FC5D01FB67A3E00372E15 = {
			isa = PBXGroup;
			children = (
				9F5FC5DB1FB67A3E00372E15 /* Constrants */,
				9F5FC5F01FB67A3E00372E15 /* ConstrantsTests */,
				9F5FC5FB1FB67A3E00372E15 /* ConstrantsUITests */,
				9F5FC5DA1FB67A3E00372E15 /* Products */,
			);
			sourceTree = "<group>";
		};
		9F5FC5DA1FB67A3E00372E15 /* Products */ = {
			isa = PBXGroup;
			children = (
				9F5FC5D91FB67A3E00372E15 /* Constrants.app */,
				9F5FC5ED1FB67A3E00372E15 /* ConstrantsTests.xctest */,
				9F5FC5F81FB67A3E00372E15 /* ConstrantsUITests.xctest */,
			);
			name = Products;
			sourceTree = "<group>";
		};
		9F5FC5DB1FB67A3E00372E15 /* Constrants */ = {
			isa = PBXGroup;
			children = (
				9F5FC5DC1FB67A3E00372E15 /* AppDelegate.swift */,
				9F5FC5DE1FB67A3E00372E15 /* ViewController.swift */,
				9F5FC5E01FB67A3E00372E15 /* Main.storyboard */,
				9F5FC5E31FB67A3E00372E15 /* Assets.xcassets */,
				9F5FC5E51FB67A3E00372E15 /* LaunchScreen.storyboard */,
				9F5FC5E81FB67A3E00372E15 /* Info.plist */,
			);
			path = Constrants;
			sourceTree = "<group>";
		};
		9F5FC5F01FB67A3E00372E15 /* ConstrantsTests */ = {
			isa = PBXGroup;
			children = (
				9F5FC5F11FB67A3E00372E15 /* ConstrantsTests.swift */,
				9F5FC5F31FB67A3E00372E15 /* Info.plist */,
			);
			path = ConstrantsTests;
			sourceTree = "<group>";
		};
		9F5FC5FB1FB67A3E00372E15 /* ConstrantsUITests */ = {
			isa = PBXGroup;
			children = (
				9F5FC5FC1FB67A3E00372E15 /* ConstrantsUITests.swift */,
				9F5FC5FE1FB67A3E00372E15 /* Info.plist */,
			);
			path = ConstrantsUITests;
			sourceTree = "<group>";
		};
/* End PBXGroup section */

/* Begin PBXNativeTarget section */
		9F5FC5D81FB67A3E00372E15 /* Constrants */ = {
			isa = PBXNativeTarget;
			buildConfigurationList = 9F5FC6011FB67A3E00372E15 /* Build configuration list for PBXNativeTarget "Constrants" */;
			buildPhases = (
				9F5FC5D51FB67A3E00372E15 /* Sources */,
				9F5FC5D61FB67A3E00372E15 /* Frameworks */,
				9F5FC5D71FB67A3E00372E15 /* Resources */,
			);
			buildRules = (
			);
			dependencies = (
			);
			name = Constrants;
			productName = Constrants;
			productReference = 9F5FC5D91FB67A3E00372E15 /* Constrants.app */;
			productType = "com.apple.product-type.application";
		};
		9F5FC5EC1FB67A3E00372E15 /* ConstrantsTests */ = {
			isa = PBXNativeTarget;
			buildConfigurationList = 9F5FC6041FB67A3E00372E15 /* Build configuration list for PBXNativeTarget "ConstrantsTests" */;
			buildPhases = (
				9F5FC5E91FB67A3E00372E15 /* Sources */,
				9F5FC5EA1FB67A3E00372E15 /* Frameworks */,
				9F5FC5EB1FB67A3E00372E15 /* Resources */,
			);
			buildRules = (
			);
			dependencies = (
				9F5FC5EF1FB67A3E00372E15 /* PBXTargetDependency */,
			);
			name = ConstrantsTests;
			productName = ConstrantsTests;
			productReference = 9F5FC5ED1FB67A3E00372E15 /* ConstrantsTests.xctest */;
			productType = "com.apple.product-type.bundle.unit-test";
		};
		9F5FC5F71FB67A3E00372E15 /* ConstrantsUITests */ = {
			isa = PBXNativeTarget;
			buildConfigurationList = 9F5FC6071FB67A3E00372E15 /* Build configuration list for PBXNativeTarget "ConstrantsUITests" */;
			buildPhases = (
				9F5FC5F41FB67A3E00372E15 /* Sources */,
				9F5FC5F51FB67A3E00372E15 /* Frameworks */,
				9F5FC5F61FB67A3E00372E15 /* Resources */,
			);
			buildRules = (
			);
			dependencies = (
				9F5FC5FA1FB67A3E00372E15 /* PBXTargetDependency */,
			);
			name = ConstrantsUITests;
			productName = ConstrantsUITests;
			productReference = 9F5FC5F81FB67A3E00372E15 /* ConstrantsUITests.xctest */;
			productType = "com.apple.product-type.bundle.ui-testing";
		};
/* End PBXNativeTarget section */

/* Begin PBXProject section */
		9F5FC5D11FB67A3E00372E15 /* Project object */ = {
			isa = PBXProject;
			attributes = {
				LastSwiftUpdateCheck = 0910;
				LastUpgradeCheck = 0910;
				ORGANIZATIONNAME = "Pedro Paulo";
				TargetAttributes = {
					9F5FC5D81FB67A3E00372E15 = {
						CreatedOnToolsVersion = 9.1;
						ProvisioningStyle = Automatic;
					};
					9F5FC5EC1FB67A3E00372E15 = {
						CreatedOnToolsVersion = 9.1;
						ProvisioningStyle = Automatic;
						TestTargetID = 9F5FC5D81FB67A3E00372E15;
					};
					9F5FC5F71FB67A3E00372E15 = {
						CreatedOnToolsVersion = 9.1;
						ProvisioningStyle = Automatic;
						TestTargetID = 9F5FC5D81FB67A3E00372E15;
					};
				};
			};
			buildConfigurationList = 9F5FC5D41FB67A3E00372E15 /* Build configuration list for PBXProject "Constrants" */;
			compatibilityVersion = "Xcode 8.0";
			developmentRegion = en;
			hasScannedForEncodings = 0;
			knownRegions = (
				en,
				Base,
			);
			mainGroup = 9F5FC5D01FB67A3E00372E15;
			productRefGroup = 9F5FC5DA1FB67A3E00372E15 /* Products */;
			projectDirPath = "";
			projectRoot = "";
			targets = (
				9F5FC5D81FB67A3E00372E15 /* Constrants */,
				9F5FC5EC1FB67A3E00372E15 /* ConstrantsTests */,
				9F5FC5F71FB67A3E00372E15 /* ConstrantsUITests */,
			);
		};
/* End PBXProject section */

/* Begin PBXResourcesBuildPhase section */
		9F5FC5D71FB67A3E00372E15 /* Resources */ = {
			isa = PBXResourcesBuildPhase;
			buildActionMask = 2147483647;
			files = (
				9F5FC5E71FB67A3E00372E15 /* LaunchScreen.storyboard in Resources */,
				9F5FC5E41FB67A3E00372E15 /* Assets.xcassets in Resources */,
				9F5FC5E21FB67A3E00372E15 /* Main.storyboard in Resources */,
			);
			runOnlyForDeploymentPostprocessing = 0;
		};
		9F5FC5EB1FB67A3E00372E15 /* Resources */ = {
			isa = PBXResourcesBuildPhase;
			buildActionMask = 2147483647;
			files = (
			);
			runOnlyForDeploymentPostprocessing = 0;
		};
		9F5FC5F61FB67A3E00372E15 /* Resources */ = {
			isa = PBXResourcesBuildPhase;
			buildActionMask = 2147483647;
			files = (
			);
			runOnlyForDeploymentPostprocessing = 0;
		};
/* End PBXResourcesBuildPhase section */

/* Begin PBXSourcesBuildPhase section */
		9F5FC5D51FB67A3E00372E15 /* Sources */ = {
			isa = PBXSourcesBuildPhase;
			buildActionMask = 2147483647;
			files = (
				9F5FC5DF1FB67A3E00372E15 /* ViewController.swift in Sources */,
				9F5FC5DD1FB67A3E00372E15 /* AppDelegate.swift in Sources */,
			);
			runOnlyForDeploymentPostprocessing = 0;
		};
		9F5FC5E91FB67A3E00372E15 /* Sources */ = {
			isa = PBXSourcesBuildPhase;
			buildActionMask = 2147483647;
			files = (
				9F5FC5F21FB67A3E00372E15 /* ConstrantsTests.swift in Sources */,
			);
			runOnlyForDeploymentPostprocessing = 0;
		};
		9F5FC5F41FB67A3E00372E15 /* Sources */ = {
			isa = PBXSourcesBuildPhase;
			buildActionMask = 2147483647;
			files = (
				9F5FC5FD1FB67A3E00372E15 /* ConstrantsUITests.swift in Sources */,
			);
			runOnlyForDeploymentPostprocessing = 0;
		};
/* End PBXSourcesBuildPhase section */

/* Begin PBXTargetDependency section */
		9F5FC5EF1FB67A3E00372E15 /* PBXTargetDependency */ = {
			isa = PBXTargetDependency;
			target = 9F5FC5D81FB67A3E00372E15 /* Constrants */;
			targetProxy = 9F5FC5EE1FB67A3E00372E15 /* PBXContainerItemProxy */;
		};
		9F5FC5FA1FB67A3E00372E15 /* PBXTargetDependency */ = {
			isa = PBXTargetDependency;
			target = 9F5FC5D81FB67A3E00372E15 /* Constrants */;
			targetProxy = 9F5FC5F91FB67A3E00372E15 /* PBXContainerItemProxy */;
		};
/* End PBXTargetDependency section */

/* Begin PBXVariantGroup section */
		9F5FC5E01FB67A3E00372E15 /* Main.storyboard */ = {
			isa = PBXVariantGroup;
			children = (
				9F5FC5E11FB67A3E00372E15 /* Base */,
			);
			name = Main.storyboard;
			sourceTree = "<group>";
		};
		9F5FC5E51FB67A3E00372E15 /* LaunchScreen.storyboard */ = {
			isa = PBXVariantGroup;
			children = (
				9F5FC5E61FB67A3E00372E15 /* Base */,
			);
			name = LaunchScreen.storyboard;
			sourceTree = "<group>";
		};
/* End PBXVariantGroup section */

/* Begin XCBuildConfiguration section */
		9F5FC5FF1FB67A3E00372E15 /* Debug */ = {
			isa = XCBuildConfiguration;
			buildSettings = {
				ALWAYS_SEARCH_USER_PATHS = NO;
				CLANG_ANALYZER_NONNULL = YES;
				CLANG_ANALYZER_NUMBER_OBJECT_CONVERSION = YES_AGGRESSIVE;
				CLANG_CXX_LANGUAGE_STANDARD = "gnu++14";
				CLANG_CXX_LIBRARY = "libc++";
				CLANG_ENABLE_MODULES = YES;
				CLANG_ENABLE_OBJC_ARC = YES;
				CLANG_WARN_BLOCK_CAPTURE_AUTORELEASING = YES;
				CLANG_WARN_BOOL_CONVERSION = YES;
				CLANG_WARN_COMMA = YES;
				CLANG_WARN_CONSTANT_CONVERSION = YES;
				CLANG_WARN_DIRECT_OBJC_ISA_USAGE = YES_ERROR;
				CLANG_WARN_DOCUMENTATION_COMMENTS = YES;
				CLANG_WARN_EMPTY_BODY = YES;
				CLANG_WARN_ENUM_CONVERSION = YES;
				CLANG_WARN_INFINITE_RECURSION = YES;
				CLANG_WARN_INT_CONVERSION = YES;
				CLANG_WARN_NON_LITERAL_NULL_CONVERSION = YES;
				CLANG_WARN_OBJC_LITERAL_CONVERSION = YES;
				CLANG_WARN_OBJC_ROOT_CLASS = YES_ERROR;
				CLANG_WARN_RANGE_LOOP_ANALYSIS = YES;
				CLANG_WARN_STRICT_PROTOTYPES = YES;
				CLANG_WARN_SUSPICIOUS_MOVE = YES;
				CLANG_WARN_UNGUARDED_AVAILABILITY = YES_AGGRESSIVE;
				CLANG_WARN_UNREACHABLE_CODE = YES;
				CLANG_WARN__DUPLICATE_METHOD_MATCH = YES;
				CODE_SIGN_IDENTITY = "iPhone Developer";
				COPY_PHASE_STRIP = NO;
				DEBUG_INFORMATION_FORMAT = dwarf;
				ENABLE_STRICT_OBJC_MSGSEND = YES;
				ENABLE_TESTABILITY = YES;
				GCC_C_LANGUAGE_STANDARD = gnu11;
				GCC_DYNAMIC_NO_PIC = NO;
				GCC_NO_COMMON_BLOCKS = YES;
				GCC_OPTIMIZATION_LEVEL = 0;
				GCC_PREPROCESSOR_DEFINITIONS = (
					"DEBUG=1",
					"$(inherited)",
				);
				GCC_WARN_64_TO_32_BIT_CONVERSION = YES;
				GCC_WARN_ABOUT_RETURN_TYPE = YES_ERROR;
				GCC_WARN_UNDECLARED_SELECTOR = YES;
				GCC_WARN_UNINITIALIZED_AUTOS = YES_AGGRESSIVE;
				GCC_WARN_UNUSED_FUNCTION = YES;
				GCC_WARN_UNUSED_VARIABLE = YES;
				IPHONEOS_DEPLOYMENT_TARGET = 11.1;
				MTL_ENABLE_DEBUG_INFO = YES;
				ONLY_ACTIVE_ARCH = YES;
				SDKROOT = iphoneos;
				SWIFT_ACTIVE_COMPILATION_CONDITIONS = DEBUG;
				SWIFT_OPTIMIZATION_LEVEL = "-Onone";
			};
			name = Debug;
		};
		9F5FC6001FB67A3E00372E15 /* Release */ = {
			isa = XCBuildConfiguration;
			buildSettings = {
				ALWAYS_SEARCH_USER_PATHS = NO;
				CLANG_ANALYZER_NONNULL = YES;
				CLANG_ANALYZER_NUMBER_OBJECT_CONVERSION = YES_AGGRESSIVE;
				CLANG_CXX_LANGUAGE_STANDARD = "gnu++14";
				CLANG_CXX_LIBRARY = "libc++";
				CLANG_ENABLE_MODULES = YES;
				CLANG_ENABLE_OBJC_ARC = YES;
				CLANG_WARN_BLOCK_CAPTURE_AUTORELEASING = YES;
				CLANG_WARN_BOOL_CONVERSION = YES;
				CLANG_WARN_COMMA = YES;
				CLANG_WARN_CONSTANT_CONVERSION = YES;
				CLANG_WARN_DIRECT_OBJC_ISA_USAGE = YES_ERROR;
				CLANG_WARN_DOCUMENTATION_COMMENTS = YES;
				CLANG_WARN_EMPTY_BODY = YES;
				CLANG_WARN_ENUM_CONVERSION = YES;
				CLANG_WARN_INFINITE_RECURSION = YES;
				CLANG_WARN_INT_CONVERSION = YES;
				CLANG_WARN_NON_LITERAL_NULL_CONVERSION = YES;
				CLANG_WARN_OBJC_LITERAL_CONVERSION = YES;
				CLANG_WARN_OBJC_ROOT_CLASS = YES_ERROR;
				CLANG_WARN_RANGE_LOOP_ANALYSIS = YES;
				CLANG_WARN_STRICT_PROTOTYPES = YES;
				CLANG_WARN_SUSPICIOUS_MOVE = YES;
				CLANG_WARN_UNGUARDED_AVAILABILITY = YES_AGGRESSIVE;
				CLANG_WARN_UNREACHABLE_CODE = YES;
				CLANG_WARN__DUPLICATE_METHOD_MATCH = YES;
				CODE_SIGN_IDENTITY = "iPhone Developer";
				COPY_PHASE_STRIP = NO;
				DEBUG_INFORMATION_FORMAT = "dwarf-with-dsym";
				ENABLE_NS_ASSERTIONS = NO;
				ENABLE_STRICT_OBJC_MSGSEND = YES;
				GCC_C_LANGUAGE_STANDARD = gnu11;
				GCC_NO_COMMON_BLOCKS = YES;
				GCC_WARN_64_TO_32_BIT_CONVERSION = YES;
				GCC_WARN_ABOUT_RETURN_TYPE = YES_ERROR;
				GCC_WARN_UNDECLARED_SELECTOR = YES;
				GCC_WARN_UNINITIALIZED_AUTOS = YES_AGGRESSIVE;
				GCC_WARN_UNUSED_FUNCTION = YES;
				GCC_WARN_UNUSED_VARIABLE = YES;
				IPHONEOS_DEPLOYMENT_TARGET = 11.1;
				MTL_ENABLE_DEBUG_INFO = NO;
				SDKROOT = iphoneos;
				SWIFT_OPTIMIZATION_LEVEL = "-Owholemodule";
				VALIDATE_PRODUCT = YES;
			};
			name = Release;
		};
		9F5FC6021FB67A3E00372E15 /* Debug */ = {
			isa = XCBuildConfiguration;
			buildSettings = {
				ASSETCATALOG_COMPILER_APPICON_NAME = AppIcon;
				CODE_SIGN_STYLE = Automatic;
				INFOPLIST_FILE = Constrants/Info.plist;
				LD_RUNPATH_SEARCH_PATHS = "$(inherited) @executable_path/Frameworks";
				PRODUCT_BUNDLE_IDENTIFIER = com.ppro.Constrants;
				PRODUCT_NAME = "$(TARGET_NAME)";
				SWIFT_VERSION = 4.0;
				TARGETED_DEVICE_FAMILY = "1,2";
			};
			name = Debug;
		};
		9F5FC6031FB67A3E00372E15 /* Release */ = {
			isa = XCBuildConfiguration;
			buildSettings = {
				ASSETCATALOG_COMPILER_APPICON_NAME = AppIcon;
				CODE_SIGN_STYLE = Automatic;
				INFOPLIST_FILE = Constrants/Info.plist;
				LD_RUNPATH_SEARCH_PATHS = "$(inherited) @executable_path/Frameworks";
				PRODUCT_BUNDLE_IDENTIFIER = com.ppro.Constrants;
				PRODUCT_NAME = "$(TARGET_NAME)";
				SWIFT_VERSION = 4.0;
				TARGETED_DEVICE_FAMILY = "1,2";
			};
			name = Release;
		};
		9F5FC6051FB67A3E00372E15 /* Debug */ = {
			isa = XCBuildConfiguration;
			buildSettings = {
				ALWAYS_EMBED_SWIFT_STANDARD_LIBRARIES = YES;
				BUNDLE_LOADER = "$(TEST_HOST)";
				CODE_SIGN_STYLE = Automatic;
				INFOPLIST_FILE = ConstrantsTests/Info.plist;
				LD_RUNPATH_SEARCH_PATHS = "$(inherited) @executable_path/Frameworks @loader_path/Frameworks";
				PRODUCT_BUNDLE_IDENTIFIER = com.ppro.ConstrantsTests;
				PRODUCT_NAME = "$(TARGET_NAME)";
				SWIFT_VERSION = 4.0;
				TARGETED_DEVICE_FAMILY = "1,2";
				TEST_HOST = "$(BUILT_PRODUCTS_DIR)/Constrants.app/Constrants";
			};
			name = Debug;
		};
		9F5FC6061FB67A3E00372E15 /* Release */ = {
			isa = XCBuildConfiguration;
			buildSettings = {
				ALWAYS_EMBED_SWIFT_STANDARD_LIBRARIES = YES;
				BUNDLE_LOADER = "$(TEST_HOST)";
				CODE_SIGN_STYLE = Automatic;
				INFOPLIST_FILE = ConstrantsTests/Info.plist;
				LD_RUNPATH_SEARCH_PATHS = "$(inherited) @executable_path/Frameworks @loader_path/Frameworks";
				PRODUCT_BUNDLE_IDENTIFIER = com.ppro.ConstrantsTests;
				PRODUCT_NAME = "$(TARGET_NAME)";
				SWIFT_VERSION = 4.0;
				TARGETED_DEVICE_FAMILY = "1,2";
				TEST_HOST = "$(BUILT_PRODUCTS_DIR)/Constrants.app/Constrants";
			};
			name = Release;
		};
		9F5FC6081FB67A3E00372E15 /* Debug */ = {
			isa = XCBuildConfiguration;
			buildSettings = {
				ALWAYS_EMBED_SWIFT_STANDARD_LIBRARIES = YES;
				CODE_SIGN_STYLE = Automatic;
				INFOPLIST_FILE = ConstrantsUITests/Info.plist;
				LD_RUNPATH_SEARCH_PATHS = "$(inherited) @executable_path/Frameworks @loader_path/Frameworks";
				PRODUCT_BUNDLE_IDENTIFIER = com.ppro.ConstrantsUITests;
				PRODUCT_NAME = "$(TARGET_NAME)";
				SWIFT_VERSION = 4.0;
				TARGETED_DEVICE_FAMILY = "1,2";
				TEST_TARGET_NAME = Constrants;
			};
			name = Debug;
		};
		9F5FC6091FB67A3E00372E15 /* Release */ = {
			isa = XCBuildConfiguration;
			buildSettings = {
				ALWAYS_EMBED_SWIFT_STANDARD_LIBRARIES = YES;
				CODE_SIGN_STYLE = Automatic;
				INFOPLIST_FILE = ConstrantsUITests/Info.plist;
				LD_RUNPATH_SEARCH_PATHS = "$(inherited) @executable_path/Frameworks @loader_path/Frameworks";
				PRODUCT_BUNDLE_IDENTIFIER = com.ppro.ConstrantsUITests;
				PRODUCT_NAME = "$(TARGET_NAME)";
				SWIFT_VERSION = 4.0;
				TARGETED_DEVICE_FAMILY = "1,2";
				TEST_TARGET_NAME = Constrants;
			};
			name = Release;
		};
/* End XCBuildConfiguration section */

/* Begin XCConfigurationList section */
		9F5FC5D41FB67A3E00372E15 /* Build configuration list for PBXProject "Constrants" */ = {
			isa = XCConfigurationList;
			buildConfigurations = (
				9F5FC5FF1FB67A3E00372E15 /* Debug */,
				9F5FC6001FB67A3E00372E15 /* Release */,
			);
			defaultConfigurationIsVisible = 0;
			defaultConfigurationName = Release;
		};
		9F5FC6011FB67A3E00372E15 /* Build configuration list for PBXNativeTarget "Constrants" */ = {
			isa = XCConfigurationList;
			buildConfigurations = (
				9F5FC6021FB67A3E00372E15 /* Debug */,
				9F5FC6031FB67A3E00372E15 /* Release */,
			);
			defaultConfigurationIsVisible = 0;
			defaultConfigurationName = Release;
		};
		9F5FC6041FB67A3E00372E15 /* Build configuration list for PBXNativeTarget "ConstrantsTests" */ = {
			isa = XCConfigurationList;
			buildConfigurations = (
				9F5FC6051FB67A3E00372E15 /* Debug */,
				9F5FC6061FB67A3E00372E15 /* Release */,
			);
			defaultConfigurationIsVisible = 0;
			defaultConfigurationName = Release;
		};
		9F5FC6071FB67A3E00372E15 /* Build configuration list for PBXNativeTarget "ConstrantsUITests" */ = {
			isa = XCConfigurationList;
			buildConfigurations = (
				9F5FC6081FB67A3E00372E15 /* Debug */,
				9F5FC6091FB67A3E00372E15 /* Release */,
			);
			defaultConfigurationIsVisible = 0;
			defaultConfigurationName = Release;
		};
/* End XCConfigurationList section */
	};
	rootObject = 9F5FC5D11FB67A3E00372E15 /* Project object */;
}
