// !$*UTF8*$!
{
	archiveVersion = 1;
	classes = {
	};
	objectVersion = 48;
	objects = {

/* Begin PBXBuildFile section */
		9F5FC5A31FB6753E00372E15 /* AppDelegate.swift in Sources */ = {isa = PBXBuildFile; fileRef = 9F5FC5A21FB6753E00372E15 /* AppDelegate.swift */; };
		9F5FC5A51FB6753E00372E15 /* ViewController.swift in Sources */ = {isa = PBXBuildFile; fileRef = 9F5FC5A41FB6753E00372E15 /* ViewController.swift */; };
		9F5FC5A81FB6753E00372E15 /* Main.storyboard in Resources */ = {isa = PBXBuildFile; fileRef = 9F5FC5A61FB6753E00372E15 /* Main.storyboard */; };
		9F5FC5AA1FB6753E00372E15 /* Assets.xcassets in Resources */ = {isa = PBXBuildFile; fileRef = 9F5FC5A91FB6753E00372E15 /* Assets.xcassets */; };
		9F5FC5AD1FB6753E00372E15 /* LaunchScreen.storyboard in Resources */ = {isa = PBXBuildFile; fileRef = 9F5FC5AB1FB6753E00372E15 /* LaunchScreen.storyboard */; };
		9F5FC5B81FB6753F00372E15 /* TabBarControllerTests.swift in Sources */ = {isa = PBXBuildFile; fileRef = 9F5FC5B71FB6753F00372E15 /* TabBarControllerTests.swift */; };
		9F5FC5C31FB6753F00372E15 /* TabBarControllerUITests.swift in Sources */ = {isa = PBXBuildFile; fileRef = 9F5FC5C21FB6753F00372E15 /* TabBarControllerUITests.swift */; };
/* End PBXBuildFile section */

/* Begin PBXContainerItemProxy section */
		9F5FC5B41FB6753F00372E15 /* PBXContainerItemProxy */ = {
			isa = PBXContainerItemProxy;
			containerPortal = 9F5FC5971FB6753E00372E15 /* Project object */;
			proxyType = 1;
			remoteGlobalIDString = 9F5FC59E1FB6753E00372E15;
			remoteInfo = TabBarController;
		};
		9F5FC5BF1FB6753F00372E15 /* PBXContainerItemProxy */ = {
			isa = PBXContainerItemProxy;
			containerPortal = 9F5FC5971FB6753E00372E15 /* Project object */;
			proxyType = 1;
			remoteGlobalIDString = 9F5FC59E1FB6753E00372E15;
			remoteInfo = TabBarController;
		};
/* End PBXContainerItemProxy section */

/* Begin PBXFileReference section */
		9F5FC59F1FB6753E00372E15 /* TabBarController.app */ = {isa = PBXFileReference; explicitFileType = wrapper.application; includeInIndex = 0; path = TabBarController.app; sourceTree = BUILT_PRODUCTS_DIR; };
		9F5FC5A21FB6753E00372E15 /* AppDelegate.swift */ = {isa = PBXFileReference; lastKnownFileType = sourcecode.swift; path = AppDelegate.swift; sourceTree = "<group>"; };
		9F5FC5A41FB6753E00372E15 /* ViewController.swift */ = {isa = PBXFileReference; lastKnownFileType = sourcecode.swift; path = ViewController.swift; sourceTree = "<group>"; };
		9F5FC5A71FB6753E00372E15 /* Base */ = {isa = PBXFileReference; lastKnownFileType = file.storyboard; name = Base; path = Base.lproj/Main.storyboard; sourceTree = "<group>"; };
		9F5FC5A91FB6753E00372E15 /* Assets.xcassets */ = {isa = PBXFileReference; lastKnownFileType = folder.assetcatalog; path = Assets.xcassets; sourceTree = "<group>"; };
		9F5FC5AC1FB6753E00372E15 /* Base */ = {isa = PBXFileReference; lastKnownFileType = file.storyboard; name = Base; path = Base.lproj/LaunchScreen.storyboard; sourceTree = "<group>"; };
		9F5FC5AE1FB6753E00372E15 /* Info.plist */ = {isa = PBXFileReference; lastKnownFileType = text.plist.xml; path = Info.plist; sourceTree = "<group>"; };
		9F5FC5B31FB6753F00372E15 /* TabBarControllerTests.xctest */ = {isa = PBXFileReference; explicitFileType = wrapper.cfbundle; includeInIndex = 0; path = TabBarControllerTests.xctest; sourceTree = BUILT_PRODUCTS_DIR; };
		9F5FC5B71FB6753F00372E15 /* TabBarControllerTests.swift */ = {isa = PBXFileReference; lastKnownFileType = sourcecode.swift; path = TabBarControllerTests.swift; sourceTree = "<group>"; };
		9F5FC5B91FB6753F00372E15 /* Info.plist */ = {isa = PBXFileReference; lastKnownFileType = text.plist.xml; path = Info.plist; sourceTree = "<group>"; };
		9F5FC5BE1FB6753F00372E15 /* TabBarControllerUITests.xctest */ = {isa = PBXFileReference; explicitFileType = wrapper.cfbundle; includeInIndex = 0; path = TabBarControllerUITests.xctest; sourceTree = BUILT_PRODUCTS_DIR; };
		9F5FC5C21FB6753F00372E15 /* TabBarControllerUITests.swift */ = {isa = PBXFileReference; lastKnownFileType = sourcecode.swift; path = TabBarControllerUITests.swift; sourceTree = "<group>"; };
		9F5FC5C41FB6753F00372E15 /* Info.plist */ = {isa = PBXFileReference; lastKnownFileType = text.plist.xml; path = Info.plist; sourceTree = "<group>"; };
/* End PBXFileReference section */

/* Begin PBXFrameworksBuildPhase section */
		9F5FC59C1FB6753E00372E15 /* Frameworks */ = {
			isa = PBXFrameworksBuildPhase;
			buildActionMask = 2147483647;
			files = (
			);
			runOnlyForDeploymentPostprocessing = 0;
		};
		9F5FC5B01FB6753F00372E15 /* Frameworks */ = {
			isa = PBXFrameworksBuildPhase;
			buildActionMask = 2147483647;
			files = (
			);
			runOnlyForDeploymentPostprocessing = 0;
		};
		9F5FC5BB1FB6753F00372E15 /* Frameworks */ = {
			isa = PBXFrameworksBuildPhase;
			buildActionMask = 2147483647;
			files = (
			);
			runOnlyForDeploymentPostprocessing = 0;
		};
/* End PBXFrameworksBuildPhase section */

/* Begin PBXGroup section */
		9F5FC5961FB6753E00372E15 = {
			isa = PBXGroup;
			children = (
				9F5FC5A11FB6753E00372E15 /* TabBarController */,
				9F5FC5B61FB6753F00372E15 /* TabBarControllerTests */,
				9F5FC5C11FB6753F00372E15 /* TabBarControllerUITests */,
				9F5FC5A01FB6753E00372E15 /* Products */,
			);
			sourceTree = "<group>";
		};
		9F5FC5A01FB6753E00372E15 /* Products */ = {
			isa = PBXGroup;
			children = (
				9F5FC59F1FB6753E00372E15 /* TabBarController.app */,
				9F5FC5B31FB6753F00372E15 /* TabBarControllerTests.xctest */,
				9F5FC5BE1FB6753F00372E15 /* TabBarControllerUITests.xctest */,
			);
			name = Products;
			sourceTree = "<group>";
		};
		9F5FC5A11FB6753E00372E15 /* TabBarController */ = {
			isa = PBXGroup;
			children = (
				9F5FC5A21FB6753E00372E15 /* AppDelegate.swift */,
				9F5FC5A41FB6753E00372E15 /* ViewController.swift */,
				9F5FC5A61FB6753E00372E15 /* Main.storyboard */,
				9F5FC5A91FB6753E00372E15 /* Assets.xcassets */,
				9F5FC5AB1FB6753E00372E15 /* LaunchScreen.storyboard */,
				9F5FC5AE1FB6753E00372E15 /* Info.plist */,
			);
			path = TabBarController;
			sourceTree = "<group>";
		};
		9F5FC5B61FB6753F00372E15 /* TabBarControllerTests */ = {
			isa = PBXGroup;
			children = (
				9F5FC5B71FB6753F00372E15 /* TabBarControllerTests.swift */,
				9F5FC5B91FB6753F00372E15 /* Info.plist */,
			);
			path = TabBarControllerTests;
			sourceTree = "<group>";
		};
		9F5FC5C11FB6753F00372E15 /* TabBarControllerUITests */ = {
			isa = PBXGroup;
			children = (
				9F5FC5C21FB6753F00372E15 /* TabBarControllerUITests.swift */,
				9F5FC5C41FB6753F00372E15 /* Info.plist */,
			);
			path = TabBarControllerUITests;
			sourceTree = "<group>";
		};
/* End PBXGroup section */

/* Begin PBXNativeTarget section */
		9F5FC59E1FB6753E00372E15 /* TabBarController */ = {
			isa = PBXNativeTarget;
			buildConfigurationList = 9F5FC5C71FB6753F00372E15 /* Build configuration list for PBXNativeTarget "TabBarController" */;
			buildPhases = (
				9F5FC59B1FB6753E00372E15 /* Sources */,
				9F5FC59C1FB6753E00372E15 /* Frameworks */,
				9F5FC59D1FB6753E00372E15 /* Resources */,
			);
			buildRules = (
			);
			dependencies = (
			);
			name = TabBarController;
			productName = TabBarController;
			productReference = 9F5FC59F1FB6753E00372E15 /* TabBarController.app */;
			productType = "com.apple.product-type.application";
		};
		9F5FC5B21FB6753F00372E15 /* TabBarControllerTests */ = {
			isa = PBXNativeTarget;
			buildConfigurationList = 9F5FC5CA1FB6753F00372E15 /* Build configuration list for PBXNativeTarget "TabBarControllerTests" */;
			buildPhases = (
				9F5FC5AF1FB6753F00372E15 /* Sources */,
				9F5FC5B01FB6753F00372E15 /* Frameworks */,
				9F5FC5B11FB6753F00372E15 /* Resources */,
			);
			buildRules = (
			);
			dependencies = (
				9F5FC5B51FB6753F00372E15 /* PBXTargetDependency */,
			);
			name = TabBarControllerTests;
			productName = TabBarControllerTests;
			productReference = 9F5FC5B31FB6753F00372E15 /* TabBarControllerTests.xctest */;
			productType = "com.apple.product-type.bundle.unit-test";
		};
		9F5FC5BD1FB6753F00372E15 /* TabBarControllerUITests */ = {
			isa = PBXNativeTarget;
			buildConfigurationList = 9F5FC5CD1FB6753F00372E15 /* Build configuration list for PBXNativeTarget "TabBarControllerUITests" */;
			buildPhases = (
				9F5FC5BA1FB6753F00372E15 /* Sources */,
				9F5FC5BB1FB6753F00372E15 /* Frameworks */,
				9F5FC5BC1FB6753F00372E15 /* Resources */,
			);
			buildRules = (
			);
			dependencies = (
				9F5FC5C01FB6753F00372E15 /* PBXTargetDependency */,
			);
			name = TabBarControllerUITests;
			productName = TabBarControllerUITests;
			productReference = 9F5FC5BE1FB6753F00372E15 /* TabBarControllerUITests.xctest */;
			productType = "com.apple.product-type.bundle.ui-testing";
		};
/* End PBXNativeTarget section */

/* Begin PBXProject section */
		9F5FC5971FB6753E00372E15 /* Project object */ = {
			isa = PBXProject;
			attributes = {
				LastSwiftUpdateCheck = 0910;
				LastUpgradeCheck = 0910;
				ORGANIZATIONNAME = "Pedro Paulo";
				TargetAttributes = {
					9F5FC59E1FB6753E00372E15 = {
						CreatedOnToolsVersion = 9.1;
						ProvisioningStyle = Automatic;
					};
					9F5FC5B21FB6753F00372E15 = {
						CreatedOnToolsVersion = 9.1;
						ProvisioningStyle = Automatic;
						TestTargetID = 9F5FC59E1FB6753E00372E15;
					};
					9F5FC5BD1FB6753F00372E15 = {
						CreatedOnToolsVersion = 9.1;
						ProvisioningStyle = Automatic;
						TestTargetID = 9F5FC59E1FB6753E00372E15;
					};
				};
			};
			buildConfigurationList = 9F5FC59A1FB6753E00372E15 /* Build configuration list for PBXProject "TabBarController" */;
			compatibilityVersion = "Xcode 8.0";
			developmentRegion = en;
			hasScannedForEncodings = 0;
			knownRegions = (
				en,
				Base,
			);
			mainGroup = 9F5FC5961FB6753E00372E15;
			productRefGroup = 9F5FC5A01FB6753E00372E15 /* Products */;
			projectDirPath = "";
			projectRoot = "";
			targets = (
				9F5FC59E1FB6753E00372E15 /* TabBarController */,
				9F5FC5B21FB6753F00372E15 /* TabBarControllerTests */,
				9F5FC5BD1FB6753F00372E15 /* TabBarControllerUITests */,
			);
		};
/* End PBXProject section */

/* Begin PBXResourcesBuildPhase section */
		9F5FC59D1FB6753E00372E15 /* Resources */ = {
			isa = PBXResourcesBuildPhase;
			buildActionMask = 2147483647;
			files = (
				9F5FC5AD1FB6753E00372E15 /* LaunchScreen.storyboard in Resources */,
				9F5FC5AA1FB6753E00372E15 /* Assets.xcassets in Resources */,
				9F5FC5A81FB6753E00372E15 /* Main.storyboard in Resources */,
			);
			runOnlyForDeploymentPostprocessing = 0;
		};
		9F5FC5B11FB6753F00372E15 /* Resources */ = {
			isa = PBXResourcesBuildPhase;
			buildActionMask = 2147483647;
			files = (
			);
			runOnlyForDeploymentPostprocessing = 0;
		};
		9F5FC5BC1FB6753F00372E15 /* Resources */ = {
			isa = PBXResourcesBuildPhase;
			buildActionMask = 2147483647;
			files = (
			);
			runOnlyForDeploymentPostprocessing = 0;
		};
/* End PBXResourcesBuildPhase section */

/* Begin PBXSourcesBuildPhase section */
		9F5FC59B1FB6753E00372E15 /* Sources */ = {
			isa = PBXSourcesBuildPhase;
			buildActionMask = 2147483647;
			files = (
				9F5FC5A51FB6753E00372E15 /* ViewController.swift in Sources */,
				9F5FC5A31FB6753E00372E15 /* AppDelegate.swift in Sources */,
			);
			runOnlyForDeploymentPostprocessing = 0;
		};
		9F5FC5AF1FB6753F00372E15 /* Sources */ = {
			isa = PBXSourcesBuildPhase;
			buildActionMask = 2147483647;
			files = (
				9F5FC5B81FB6753F00372E15 /* TabBarControllerTests.swift in Sources */,
			);
			runOnlyForDeploymentPostprocessing = 0;
		};
		9F5FC5BA1FB6753F00372E15 /* Sources */ = {
			isa = PBXSourcesBuildPhase;
			buildActionMask = 2147483647;
			files = (
				9F5FC5C31FB6753F00372E15 /* TabBarControllerUITests.swift in Sources */,
			);
			runOnlyForDeploymentPostprocessing = 0;
		};
/* End PBXSourcesBuildPhase section */

/* Begin PBXTargetDependency section */
		9F5FC5B51FB6753F00372E15 /* PBXTargetDependency */ = {
			isa = PBXTargetDependency;
			target = 9F5FC59E1FB6753E00372E15 /* TabBarController */;
			targetProxy = 9F5FC5B41FB6753F00372E15 /* PBXContainerItemProxy */;
		};
		9F5FC5C01FB6753F00372E15 /* PBXTargetDependency */ = {
			isa = PBXTargetDependency;
			target = 9F5FC59E1FB6753E00372E15 /* TabBarController */;
			targetProxy = 9F5FC5BF1FB6753F00372E15 /* PBXContainerItemProxy */;
		};
/* End PBXTargetDependency section */

/* Begin PBXVariantGroup section */
		9F5FC5A61FB6753E00372E15 /* Main.storyboard */ = {
			isa = PBXVariantGroup;
			children = (
				9F5FC5A71FB6753E00372E15 /* Base */,
			);
			name = Main.storyboard;
			sourceTree = "<group>";
		};
		9F5FC5AB1FB6753E00372E15 /* LaunchScreen.storyboard */ = {
			isa = PBXVariantGroup;
			children = (
				9F5FC5AC1FB6753E00372E15 /* Base */,
			);
			name = LaunchScreen.storyboard;
			sourceTree = "<group>";
		};
/* End PBXVariantGroup section */

/* Begin XCBuildConfiguration section */
		9F5FC5C51FB6753F00372E15 /* Debug */ = {
			isa = XCBuildConfiguration;
			buildSettings = {
				ALWAYS_SEARCH_USER_PATHS = NO;
				CLANG_ANALYZER_NONNULL = YES;
				CLANG_ANALYZER_NUMBER_OBJECT_CONVERSION = YES_AGGRESSIVE;
				CLANG_CXX_LANGUAGE_STANDARD = "gnu++14";
				CLANG_CXX_LIBRARY = "libc++";
				CLANG_ENABLE_MODULES = YES;
				CLANG_ENABLE_OBJC_ARC = YES;
				CLANG_WARN_BLOCK_CAPTURE_AUTORELEASING = YES;
				CLANG_WARN_BOOL_CONVERSION = YES;
				CLANG_WARN_COMMA = YES;
				CLANG_WARN_CONSTANT_CONVERSION = YES;
				CLANG_WARN_DIRECT_OBJC_ISA_USAGE = YES_ERROR;
				CLANG_WARN_DOCUMENTATION_COMMENTS = YES;
				CLANG_WARN_EMPTY_BODY = YES;
				CLANG_WARN_ENUM_CONVERSION = YES;
				CLANG_WARN_INFINITE_RECURSION = YES;
				CLANG_WARN_INT_CONVERSION = YES;
				CLANG_WARN_NON_LITERAL_NULL_CONVERSION = YES;
				CLANG_WARN_OBJC_LITERAL_CONVERSION = YES;
				CLANG_WARN_OBJC_ROOT_CLASS = YES_ERROR;
				CLANG_WARN_RANGE_LOOP_ANALYSIS = YES;
				CLANG_WARN_STRICT_PROTOTYPES = YES;
				CLANG_WARN_SUSPICIOUS_MOVE = YES;
				CLANG_WARN_UNGUARDED_AVAILABILITY = YES_AGGRESSIVE;
				CLANG_WARN_UNREACHABLE_CODE = YES;
				CLANG_WARN__DUPLICATE_METHOD_MATCH = YES;
				CODE_SIGN_IDENTITY = "iPhone Developer";
				COPY_PHASE_STRIP = NO;
				DEBUG_INFORMATION_FORMAT = dwarf;
				ENABLE_STRICT_OBJC_MSGSEND = YES;
				ENABLE_TESTABILITY = YES;
				GCC_C_LANGUAGE_STANDARD = gnu11;
				GCC_DYNAMIC_NO_PIC = NO;
				GCC_NO_COMMON_BLOCKS = YES;
				GCC_OPTIMIZATION_LEVEL = 0;
				GCC_PREPROCESSOR_DEFINITIONS = (
					"DEBUG=1",
					"$(inherited)",
				);
				GCC_WARN_64_TO_32_BIT_CONVERSION = YES;
				GCC_WARN_ABOUT_RETURN_TYPE = YES_ERROR;
				GCC_WARN_UNDECLARED_SELECTOR = YES;
				GCC_WARN_UNINITIALIZED_AUTOS = YES_AGGRESSIVE;
				GCC_WARN_UNUSED_FUNCTION = YES;
				GCC_WARN_UNUSED_VARIABLE = YES;
				IPHONEOS_DEPLOYMENT_TARGET = 11.1;
				MTL_ENABLE_DEBUG_INFO = YES;
				ONLY_ACTIVE_ARCH = YES;
				SDKROOT = iphoneos;
				SWIFT_ACTIVE_COMPILATION_CONDITIONS = DEBUG;
				SWIFT_OPTIMIZATION_LEVEL = "-Onone";
			};
			name = Debug;
		};
		9F5FC5C61FB6753F00372E15 /* Release */ = {
			isa = XCBuildConfiguration;
			buildSettings = {
				ALWAYS_SEARCH_USER_PATHS = NO;
				CLANG_ANALYZER_NONNULL = YES;
				CLANG_ANALYZER_NUMBER_OBJECT_CONVERSION = YES_AGGRESSIVE;
				CLANG_CXX_LANGUAGE_STANDARD = "gnu++14";
				CLANG_CXX_LIBRARY = "libc++";
				CLANG_ENABLE_MODULES = YES;
				CLANG_ENABLE_OBJC_ARC = YES;
				CLANG_WARN_BLOCK_CAPTURE_AUTORELEASING = YES;
				CLANG_WARN_BOOL_CONVERSION = YES;
				CLANG_WARN_COMMA = YES;
				CLANG_WARN_CONSTANT_CONVERSION = YES;
				CLANG_WARN_DIRECT_OBJC_ISA_USAGE = YES_ERROR;
				CLANG_WARN_DOCUMENTATION_COMMENTS = YES;
				CLANG_WARN_EMPTY_BODY = YES;
				CLANG_WARN_ENUM_CONVERSION = YES;
				CLANG_WARN_INFINITE_RECURSION = YES;
				CLANG_WARN_INT_CONVERSION = YES;
				CLANG_WARN_NON_LITERAL_NULL_CONVERSION = YES;
				CLANG_WARN_OBJC_LITERAL_CONVERSION = YES;
				CLANG_WARN_OBJC_ROOT_CLASS = YES_ERROR;
				CLANG_WARN_RANGE_LOOP_ANALYSIS = YES;
				CLANG_WARN_STRICT_PROTOTYPES = YES;
				CLANG_WARN_SUSPICIOUS_MOVE = YES;
				CLANG_WARN_UNGUARDED_AVAILABILITY = YES_AGGRESSIVE;
				CLANG_WARN_UNREACHABLE_CODE = YES;
				CLANG_WARN__DUPLICATE_METHOD_MATCH = YES;
				CODE_SIGN_IDENTITY = "iPhone Developer";
				COPY_PHASE_STRIP = NO;
				DEBUG_INFORMATION_FORMAT = "dwarf-with-dsym";
				ENABLE_NS_ASSERTIONS = NO;
				ENABLE_STRICT_OBJC_MSGSEND = YES;
				GCC_C_LANGUAGE_STANDARD = gnu11;
				GCC_NO_COMMON_BLOCKS = YES;
				GCC_WARN_64_TO_32_BIT_CONVERSION = YES;
				GCC_WARN_ABOUT_RETURN_TYPE = YES_ERROR;
				GCC_WARN_UNDECLARED_SELECTOR = YES;
				GCC_WARN_UNINITIALIZED_AUTOS = YES_AGGRESSIVE;
				GCC_WARN_UNUSED_FUNCTION = YES;
				GCC_WARN_UNUSED_VARIABLE = YES;
				IPHONEOS_DEPLOYMENT_TARGET = 11.1;
				MTL_ENABLE_DEBUG_INFO = NO;
				SDKROOT = iphoneos;
				SWIFT_OPTIMIZATION_LEVEL = "-Owholemodule";
				VALIDATE_PRODUCT = YES;
			};
			name = Release;
		};
		9F5FC5C81FB6753F00372E15 /* Debug */ = {
			isa = XCBuildConfiguration;
			buildSettings = {
				ASSETCATALOG_COMPILER_APPICON_NAME = AppIcon;
				CODE_SIGN_STYLE = Automatic;
				INFOPLIST_FILE = TabBarController/Info.plist;
				LD_RUNPATH_SEARCH_PATHS = "$(inherited) @executable_path/Frameworks";
				PRODUCT_BUNDLE_IDENTIFIER = com.ppro.TabBarController;
				PRODUCT_NAME = "$(TARGET_NAME)";
				SWIFT_VERSION = 4.0;
				TARGETED_DEVICE_FAMILY = "1,2";
			};
			name = Debug;
		};
		9F5FC5C91FB6753F00372E15 /* Release */ = {
			isa = XCBuildConfiguration;
			buildSettings = {
				ASSETCATALOG_COMPILER_APPICON_NAME = AppIcon;
				CODE_SIGN_STYLE = Automatic;
				INFOPLIST_FILE = TabBarController/Info.plist;
				LD_RUNPATH_SEARCH_PATHS = "$(inherited) @executable_path/Frameworks";
				PRODUCT_BUNDLE_IDENTIFIER = com.ppro.TabBarController;
				PRODUCT_NAME = "$(TARGET_NAME)";
				SWIFT_VERSION = 4.0;
				TARGETED_DEVICE_FAMILY = "1,2";
			};
			name = Release;
		};
		9F5FC5CB1FB6753F00372E15 /* Debug */ = {
			isa = XCBuildConfiguration;
			buildSettings = {
				ALWAYS_EMBED_SWIFT_STANDARD_LIBRARIES = YES;
				BUNDLE_LOADER = "$(TEST_HOST)";
				CODE_SIGN_STYLE = Automatic;
				INFOPLIST_FILE = TabBarControllerTests/Info.plist;
				LD_RUNPATH_SEARCH_PATHS = "$(inherited) @executable_path/Frameworks @loader_path/Frameworks";
				PRODUCT_BUNDLE_IDENTIFIER = com.ppro.TabBarControllerTests;
				PRODUCT_NAME = "$(TARGET_NAME)";
				SWIFT_VERSION = 4.0;
				TARGETED_DEVICE_FAMILY = "1,2";
				TEST_HOST = "$(BUILT_PRODUCTS_DIR)/TabBarController.app/TabBarController";
			};
			name = Debug;
		};
		9F5FC5CC1FB6753F00372E15 /* Release */ = {
			isa = XCBuildConfiguration;
			buildSettings = {
				ALWAYS_EMBED_SWIFT_STANDARD_LIBRARIES = YES;
				BUNDLE_LOADER = "$(TEST_HOST)";
				CODE_SIGN_STYLE = Automatic;
				INFOPLIST_FILE = TabBarControllerTests/Info.plist;
				LD_RUNPATH_SEARCH_PATHS = "$(inherited) @executable_path/Frameworks @loader_path/Frameworks";
				PRODUCT_BUNDLE_IDENTIFIER = com.ppro.TabBarControllerTests;
				PRODUCT_NAME = "$(TARGET_NAME)";
				SWIFT_VERSION = 4.0;
				TARGETED_DEVICE_FAMILY = "1,2";
				TEST_HOST = "$(BUILT_PRODUCTS_DIR)/TabBarController.app/TabBarController";
			};
			name = Release;
		};
		9F5FC5CE1FB6753F00372E15 /* Debug */ = {
			isa = XCBuildConfiguration;
			buildSettings = {
				ALWAYS_EMBED_SWIFT_STANDARD_LIBRARIES = YES;
				CODE_SIGN_STYLE = Automatic;
				INFOPLIST_FILE = TabBarControllerUITests/Info.plist;
				LD_RUNPATH_SEARCH_PATHS = "$(inherited) @executable_path/Frameworks @loader_path/Frameworks";
				PRODUCT_BUNDLE_IDENTIFIER = com.ppro.TabBarControllerUITests;
				PRODUCT_NAME = "$(TARGET_NAME)";
				SWIFT_VERSION = 4.0;
				TARGETED_DEVICE_FAMILY = "1,2";
				TEST_TARGET_NAME = TabBarController;
			};
			name = Debug;
		};
		9F5FC5CF1FB6753F00372E15 /* Release */ = {
			isa = XCBuildConfiguration;
			buildSettings = {
				ALWAYS_EMBED_SWIFT_STANDARD_LIBRARIES = YES;
				CODE_SIGN_STYLE = Automatic;
				INFOPLIST_FILE = TabBarControllerUITests/Info.plist;
				LD_RUNPATH_SEARCH_PATHS = "$(inherited) @executable_path/Frameworks @loader_path/Frameworks";
				PRODUCT_BUNDLE_IDENTIFIER = com.ppro.TabBarControllerUITests;
				PRODUCT_NAME = "$(TARGET_NAME)";
				SWIFT_VERSION = 4.0;
				TARGETED_DEVICE_FAMILY = "1,2";
				TEST_TARGET_NAME = TabBarController;
			};
			name = Release;
		};
/* End XCBuildConfiguration section */

/* Begin XCConfigurationList section */
		9F5FC59A1FB6753E00372E15 /* Build configuration list for PBXProject "TabBarController" */ = {
			isa = XCConfigurationList;
			buildConfigurations = (
				9F5FC5C51FB6753F00372E15 /* Debug */,
				9F5FC5C61FB6753F00372E15 /* Release */,
			);
			defaultConfigurationIsVisible = 0;
			defaultConfigurationName = Release;
		};
		9F5FC5C71FB6753F00372E15 /* Build configuration list for PBXNativeTarget "TabBarController" */ = {
			isa = XCConfigurationList;
			buildConfigurations = (
				9F5FC5C81FB6753F00372E15 /* Debug */,
				9F5FC5C91FB6753F00372E15 /* Release */,
			);
			defaultConfigurationIsVisible = 0;
			defaultConfigurationName = Release;
		};
		9F5FC5CA1FB6753F00372E15 /* Build configuration list for PBXNativeTarget "TabBarControllerTests" */ = {
			isa = XCConfigurationList;
			buildConfigurations = (
				9F5FC5CB1FB6753F00372E15 /* Debug */,
				9F5FC5CC1FB6753F00372E15 /* Release */,
			);
			defaultConfigurationIsVisible = 0;
			defaultConfigurationName = Release;
		};
		9F5FC5CD1FB6753F00372E15 /* Build configuration list for PBXNativeTarget "TabBarControllerUITests" */ = {
			isa = XCConfigurationList;
			buildConfigurations = (
				9F5FC5CE1FB6753F00372E15 /* Debug */,
				9F5FC5CF1FB6753F00372E15 /* Release */,
			);
			defaultConfigurationIsVisible = 0;
			defaultConfigurationName = Release;
		};
/* End XCConfigurationList section */
	};
	rootObject = 9F5FC5971FB6753E00372E15 /* Project object */;
}
