// !$*UTF8*$!
{
	archiveVersion = 1;
	classes = {
	};
	objectVersion = 48;
	objects = {

/* Begin PBXBuildFile section */
		9FE8F4B31F96B530004AECEB /* AppDelegate.swift in Sources */ = {isa = PBXBuildFile; fileRef = 9FE8F4B21F96B530004AECEB /* AppDelegate.swift */; };
		9FE8F4B51F96B530004AECEB /* ViewController.swift in Sources */ = {isa = PBXBuildFile; fileRef = 9FE8F4B41F96B530004AECEB /* ViewController.swift */; };
		9FE8F4B81F96B530004AECEB /* Main.storyboard in Resources */ = {isa = PBXBuildFile; fileRef = 9FE8F4B61F96B530004AECEB /* Main.storyboard */; };
		9FE8F4BA1F96B530004AECEB /* Assets.xcassets in Resources */ = {isa = PBXBuildFile; fileRef = 9FE8F4B91F96B530004AECEB /* Assets.xcassets */; };
		9FE8F4BD1F96B530004AECEB /* LaunchScreen.storyboard in Resources */ = {isa = PBXBuildFile; fileRef = 9FE8F4BB1F96B530004AECEB /* LaunchScreen.storyboard */; };
		9FE8F4C81F96B530004AECEB /* PrimeiroProjetoTests.swift in Sources */ = {isa = PBXBuildFile; fileRef = 9FE8F4C71F96B530004AECEB /* PrimeiroProjetoTests.swift */; };
		9FE8F4D31F96B530004AECEB /* PrimeiroProjetoUITests.swift in Sources */ = {isa = PBXBuildFile; fileRef = 9FE8F4D21F96B530004AECEB /* PrimeiroProjetoUITests.swift */; };
/* End PBXBuildFile section */

/* Begin PBXContainerItemProxy section */
		9FE8F4C41F96B530004AECEB /* PBXContainerItemProxy */ = {
			isa = PBXContainerItemProxy;
			containerPortal = 9FE8F4A71F96B530004AECEB /* Project object */;
			proxyType = 1;
			remoteGlobalIDString = 9FE8F4AE1F96B530004AECEB;
			remoteInfo = PrimeiroProjeto;
		};
		9FE8F4CF1F96B530004AECEB /* PBXContainerItemProxy */ = {
			isa = PBXContainerItemProxy;
			containerPortal = 9FE8F4A71F96B530004AECEB /* Project object */;
			proxyType = 1;
			remoteGlobalIDString = 9FE8F4AE1F96B530004AECEB;
			remoteInfo = PrimeiroProjeto;
		};
/* End PBXContainerItemProxy section */

/* Begin PBXFileReference section */
		9FE8F4AF1F96B530004AECEB /* PrimeiroProjeto.app */ = {isa = PBXFileReference; explicitFileType = wrapper.application; includeInIndex = 0; path = PrimeiroProjeto.app; sourceTree = BUILT_PRODUCTS_DIR; };
		9FE8F4B21F96B530004AECEB /* AppDelegate.swift */ = {isa = PBXFileReference; lastKnownFileType = sourcecode.swift; path = AppDelegate.swift; sourceTree = "<group>"; };
		9FE8F4B41F96B530004AECEB /* ViewController.swift */ = {isa = PBXFileReference; lastKnownFileType = sourcecode.swift; path = ViewController.swift; sourceTree = "<group>"; };
		9FE8F4B71F96B530004AECEB /* Base */ = {isa = PBXFileReference; lastKnownFileType = file.storyboard; name = Base; path = Base.lproj/Main.storyboard; sourceTree = "<group>"; };
		9FE8F4B91F96B530004AECEB /* Assets.xcassets */ = {isa = PBXFileReference; lastKnownFileType = folder.assetcatalog; path = Assets.xcassets; sourceTree = "<group>"; };
		9FE8F4BC1F96B530004AECEB /* Base */ = {isa = PBXFileReference; lastKnownFileType = file.storyboard; name = Base; path = Base.lproj/LaunchScreen.storyboard; sourceTree = "<group>"; };
		9FE8F4BE1F96B530004AECEB /* Info.plist */ = {isa = PBXFileReference; lastKnownFileType = text.plist.xml; path = Info.plist; sourceTree = "<group>"; };
		9FE8F4C31F96B530004AECEB /* PrimeiroProjetoTests.xctest */ = {isa = PBXFileReference; explicitFileType = wrapper.cfbundle; includeInIndex = 0; path = PrimeiroProjetoTests.xctest; sourceTree = BUILT_PRODUCTS_DIR; };
		9FE8F4C71F96B530004AECEB /* PrimeiroProjetoTests.swift */ = {isa = PBXFileReference; lastKnownFileType = sourcecode.swift; path = PrimeiroProjetoTests.swift; sourceTree = "<group>"; };
		9FE8F4C91F96B530004AECEB /* Info.plist */ = {isa = PBXFileReference; lastKnownFileType = text.plist.xml; path = Info.plist; sourceTree = "<group>"; };
		9FE8F4CE1F96B530004AECEB /* PrimeiroProjetoUITests.xctest */ = {isa = PBXFileReference; explicitFileType = wrapper.cfbundle; includeInIndex = 0; path = PrimeiroProjetoUITests.xctest; sourceTree = BUILT_PRODUCTS_DIR; };
		9FE8F4D21F96B530004AECEB /* PrimeiroProjetoUITests.swift */ = {isa = PBXFileReference; lastKnownFileType = sourcecode.swift; path = PrimeiroProjetoUITests.swift; sourceTree = "<group>"; };
		9FE8F4D41F96B530004AECEB /* Info.plist */ = {isa = PBXFileReference; lastKnownFileType = text.plist.xml; path = Info.plist; sourceTree = "<group>"; };
/* End PBXFileReference section */

/* Begin PBXFrameworksBuildPhase section */
		9FE8F4AC1F96B530004AECEB /* Frameworks */ = {
			isa = PBXFrameworksBuildPhase;
			buildActionMask = 2147483647;
			files = (
			);
			runOnlyForDeploymentPostprocessing = 0;
		};
		9FE8F4C01F96B530004AECEB /* Frameworks */ = {
			isa = PBXFrameworksBuildPhase;
			buildActionMask = 2147483647;
			files = (
			);
			runOnlyForDeploymentPostprocessing = 0;
		};
		9FE8F4CB1F96B530004AECEB /* Frameworks */ = {
			isa = PBXFrameworksBuildPhase;
			buildActionMask = 2147483647;
			files = (
			);
			runOnlyForDeploymentPostprocessing = 0;
		};
/* End PBXFrameworksBuildPhase section */

/* Begin PBXGroup section */
		9FE8F4A61F96B530004AECEB = {
			isa = PBXGroup;
			children = (
				9FE8F4B11F96B530004AECEB /* PrimeiroProjeto */,
				9FE8F4C61F96B530004AECEB /* PrimeiroProjetoTests */,
				9FE8F4D11F96B530004AECEB /* PrimeiroProjetoUITests */,
				9FE8F4B01F96B530004AECEB /* Products */,
			);
			sourceTree = "<group>";
		};
		9FE8F4B01F96B530004AECEB /* Products */ = {
			isa = PBXGroup;
			children = (
				9FE8F4AF1F96B530004AECEB /* PrimeiroProjeto.app */,
				9FE8F4C31F96B530004AECEB /* PrimeiroProjetoTests.xctest */,
				9FE8F4CE1F96B530004AECEB /* PrimeiroProjetoUITests.xctest */,
			);
			name = Products;
			sourceTree = "<group>";
		};
		9FE8F4B11F96B530004AECEB /* PrimeiroProjeto */ = {
			isa = PBXGroup;
			children = (
				9FE8F4B21F96B530004AECEB /* AppDelegate.swift */,
				9FE8F4B41F96B530004AECEB /* ViewController.swift */,
				9FE8F4B61F96B530004AECEB /* Main.storyboard */,
				9FE8F4B91F96B530004AECEB /* Assets.xcassets */,
				9FE8F4BB1F96B530004AECEB /* LaunchScreen.storyboard */,
				9FE8F4BE1F96B530004AECEB /* Info.plist */,
			);
			path = PrimeiroProjeto;
			sourceTree = "<group>";
		};
		9FE8F4C61F96B530004AECEB /* PrimeiroProjetoTests */ = {
			isa = PBXGroup;
			children = (
				9FE8F4C71F96B530004AECEB /* PrimeiroProjetoTests.swift */,
				9FE8F4C91F96B530004AECEB /* Info.plist */,
			);
			path = PrimeiroProjetoTests;
			sourceTree = "<group>";
		};
		9FE8F4D11F96B530004AECEB /* PrimeiroProjetoUITests */ = {
			isa = PBXGroup;
			children = (
				9FE8F4D21F96B530004AECEB /* PrimeiroProjetoUITests.swift */,
				9FE8F4D41F96B530004AECEB /* Info.plist */,
			);
			path = PrimeiroProjetoUITests;
			sourceTree = "<group>";
		};
/* End PBXGroup section */

/* Begin PBXNativeTarget section */
		9FE8F4AE1F96B530004AECEB /* PrimeiroProjeto */ = {
			isa = PBXNativeTarget;
			buildConfigurationList = 9FE8F4D71F96B530004AECEB /* Build configuration list for PBXNativeTarget "PrimeiroProjeto" */;
			buildPhases = (
				9FE8F4AB1F96B530004AECEB /* Sources */,
				9FE8F4AC1F96B530004AECEB /* Frameworks */,
				9FE8F4AD1F96B530004AECEB /* Resources */,
			);
			buildRules = (
			);
			dependencies = (
			);
			name = PrimeiroProjeto;
			productName = PrimeiroProjeto;
			productReference = 9FE8F4AF1F96B530004AECEB /* PrimeiroProjeto.app */;
			productType = "com.apple.product-type.application";
		};
		9FE8F4C21F96B530004AECEB /* PrimeiroProjetoTests */ = {
			isa = PBXNativeTarget;
			buildConfigurationList = 9FE8F4DA1F96B530004AECEB /* Build configuration list for PBXNativeTarget "PrimeiroProjetoTests" */;
			buildPhases = (
				9FE8F4BF1F96B530004AECEB /* Sources */,
				9FE8F4C01F96B530004AECEB /* Frameworks */,
				9FE8F4C11F96B530004AECEB /* Resources */,
			);
			buildRules = (
			);
			dependencies = (
				9FE8F4C51F96B530004AECEB /* PBXTargetDependency */,
			);
			name = PrimeiroProjetoTests;
			productName = PrimeiroProjetoTests;
			productReference = 9FE8F4C31F96B530004AECEB /* PrimeiroProjetoTests.xctest */;
			productType = "com.apple.product-type.bundle.unit-test";
		};
		9FE8F4CD1F96B530004AECEB /* PrimeiroProjetoUITests */ = {
			isa = PBXNativeTarget;
			buildConfigurationList = 9FE8F4DD1F96B530004AECEB /* Build configuration list for PBXNativeTarget "PrimeiroProjetoUITests" */;
			buildPhases = (
				9FE8F4CA1F96B530004AECEB /* Sources */,
				9FE8F4CB1F96B530004AECEB /* Frameworks */,
				9FE8F4CC1F96B530004AECEB /* Resources */,
			);
			buildRules = (
			);
			dependencies = (
				9FE8F4D01F96B530004AECEB /* PBXTargetDependency */,
			);
			name = PrimeiroProjetoUITests;
			productName = PrimeiroProjetoUITests;
			productReference = 9FE8F4CE1F96B530004AECEB /* PrimeiroProjetoUITests.xctest */;
			productType = "com.apple.product-type.bundle.ui-testing";
		};
/* End PBXNativeTarget section */

/* Begin PBXProject section */
		9FE8F4A71F96B530004AECEB /* Project object */ = {
			isa = PBXProject;
			attributes = {
				LastSwiftUpdateCheck = 0900;
				LastUpgradeCheck = 0900;
				ORGANIZATIONNAME = "Pedro Paulo";
				TargetAttributes = {
					9FE8F4AE1F96B530004AECEB = {
						CreatedOnToolsVersion = 9.0;
						ProvisioningStyle = Automatic;
					};
					9FE8F4C21F96B530004AECEB = {
						CreatedOnToolsVersion = 9.0;
						ProvisioningStyle = Automatic;
						TestTargetID = 9FE8F4AE1F96B530004AECEB;
					};
					9FE8F4CD1F96B530004AECEB = {
						CreatedOnToolsVersion = 9.0;
						ProvisioningStyle = Automatic;
						TestTargetID = 9FE8F4AE1F96B530004AECEB;
					};
				};
			};
			buildConfigurationList = 9FE8F4AA1F96B530004AECEB /* Build configuration list for PBXProject "PrimeiroProjeto" */;
			compatibilityVersion = "Xcode 8.0";
			developmentRegion = en;
			hasScannedForEncodings = 0;
			knownRegions = (
				en,
				Base,
			);
			mainGroup = 9FE8F4A61F96B530004AECEB;
			productRefGroup = 9FE8F4B01F96B530004AECEB /* Products */;
			projectDirPath = "";
			projectRoot = "";
			targets = (
				9FE8F4AE1F96B530004AECEB /* PrimeiroProjeto */,
				9FE8F4C21F96B530004AECEB /* PrimeiroProjetoTests */,
				9FE8F4CD1F96B530004AECEB /* PrimeiroProjetoUITests */,
			);
		};
/* End PBXProject section */

/* Begin PBXResourcesBuildPhase section */
		9FE8F4AD1F96B530004AECEB /* Resources */ = {
			isa = PBXResourcesBuildPhase;
			buildActionMask = 2147483647;
			files = (
				9FE8F4BD1F96B530004AECEB /* LaunchScreen.storyboard in Resources */,
				9FE8F4BA1F96B530004AECEB /* Assets.xcassets in Resources */,
				9FE8F4B81F96B530004AECEB /* Main.storyboard in Resources */,
			);
			runOnlyForDeploymentPostprocessing = 0;
		};
		9FE8F4C11F96B530004AECEB /* Resources */ = {
			isa = PBXResourcesBuildPhase;
			buildActionMask = 2147483647;
			files = (
			);
			runOnlyForDeploymentPostprocessing = 0;
		};
		9FE8F4CC1F96B530004AECEB /* Resources */ = {
			isa = PBXResourcesBuildPhase;
			buildActionMask = 2147483647;
			files = (
			);
			runOnlyForDeploymentPostprocessing = 0;
		};
/* End PBXResourcesBuildPhase section */

/* Begin PBXSourcesBuildPhase section */
		9FE8F4AB1F96B530004AECEB /* Sources */ = {
			isa = PBXSourcesBuildPhase;
			buildActionMask = 2147483647;
			files = (
				9FE8F4B51F96B530004AECEB /* ViewController.swift in Sources */,
				9FE8F4B31F96B530004AECEB /* AppDelegate.swift in Sources */,
			);
			runOnlyForDeploymentPostprocessing = 0;
		};
		9FE8F4BF1F96B530004AECEB /* Sources */ = {
			isa = PBXSourcesBuildPhase;
			buildActionMask = 2147483647;
			files = (
				9FE8F4C81F96B530004AECEB /* PrimeiroProjetoTests.swift in Sources */,
			);
			runOnlyForDeploymentPostprocessing = 0;
		};
		9FE8F4CA1F96B530004AECEB /* Sources */ = {
			isa = PBXSourcesBuildPhase;
			buildActionMask = 2147483647;
			files = (
				9FE8F4D31F96B530004AECEB /* PrimeiroProjetoUITests.swift in Sources */,
			);
			runOnlyForDeploymentPostprocessing = 0;
		};
/* End PBXSourcesBuildPhase section */

/* Begin PBXTargetDependency section */
		9FE8F4C51F96B530004AECEB /* PBXTargetDependency */ = {
			isa = PBXTargetDependency;
			target = 9FE8F4AE1F96B530004AECEB /* PrimeiroProjeto */;
			targetProxy = 9FE8F4C41F96B530004AECEB /* PBXContainerItemProxy */;
		};
		9FE8F4D01F96B530004AECEB /* PBXTargetDependency */ = {
			isa = PBXTargetDependency;
			target = 9FE8F4AE1F96B530004AECEB /* PrimeiroProjeto */;
			targetProxy = 9FE8F4CF1F96B530004AECEB /* PBXContainerItemProxy */;
		};
/* End PBXTargetDependency section */

/* Begin PBXVariantGroup section */
		9FE8F4B61F96B530004AECEB /* Main.storyboard */ = {
			isa = PBXVariantGroup;
			children = (
				9FE8F4B71F96B530004AECEB /* Base */,
			);
			name = Main.storyboard;
			sourceTree = "<group>";
		};
		9FE8F4BB1F96B530004AECEB /* LaunchScreen.storyboard */ = {
			isa = PBXVariantGroup;
			children = (
				9FE8F4BC1F96B530004AECEB /* Base */,
			);
			name = LaunchScreen.storyboard;
			sourceTree = "<group>";
		};
/* End PBXVariantGroup section */

/* Begin XCBuildConfiguration section */
		9FE8F4D51F96B530004AECEB /* Debug */ = {
			isa = XCBuildConfiguration;
			buildSettings = {
				ALWAYS_SEARCH_USER_PATHS = NO;
				CLANG_ANALYZER_NONNULL = YES;
				CLANG_ANALYZER_NUMBER_OBJECT_CONVERSION = YES_AGGRESSIVE;
				CLANG_CXX_LANGUAGE_STANDARD = "gnu++14";
				CLANG_CXX_LIBRARY = "libc++";
				CLANG_ENABLE_MODULES = YES;
				CLANG_ENABLE_OBJC_ARC = YES;
				CLANG_WARN_BLOCK_CAPTURE_AUTORELEASING = YES;
				CLANG_WARN_BOOL_CONVERSION = YES;
				CLANG_WARN_COMMA = YES;
				CLANG_WARN_CONSTANT_CONVERSION = YES;
				CLANG_WARN_DIRECT_OBJC_ISA_USAGE = YES_ERROR;
				CLANG_WARN_DOCUMENTATION_COMMENTS = YES;
				CLANG_WARN_EMPTY_BODY = YES;
				CLANG_WARN_ENUM_CONVERSION = YES;
				CLANG_WARN_INFINITE_RECURSION = YES;
				CLANG_WARN_INT_CONVERSION = YES;
				CLANG_WARN_NON_LITERAL_NULL_CONVERSION = YES;
				CLANG_WARN_OBJC_LITERAL_CONVERSION = YES;
				CLANG_WARN_OBJC_ROOT_CLASS = YES_ERROR;
				CLANG_WARN_RANGE_LOOP_ANALYSIS = YES;
				CLANG_WARN_STRICT_PROTOTYPES = YES;
				CLANG_WARN_SUSPICIOUS_MOVE = YES;
				CLANG_WARN_UNGUARDED_AVAILABILITY = YES_AGGRESSIVE;
				CLANG_WARN_UNREACHABLE_CODE = YES;
				CLANG_WARN__DUPLICATE_METHOD_MATCH = YES;
				CODE_SIGN_IDENTITY = "iPhone Developer";
				COPY_PHASE_STRIP = NO;
				DEBUG_INFORMATION_FORMAT = dwarf;
				ENABLE_STRICT_OBJC_MSGSEND = YES;
				ENABLE_TESTABILITY = YES;
				GCC_C_LANGUAGE_STANDARD = gnu11;
				GCC_DYNAMIC_NO_PIC = NO;
				GCC_NO_COMMON_BLOCKS = YES;
				GCC_OPTIMIZATION_LEVEL = 0;
				GCC_PREPROCESSOR_DEFINITIONS = (
					"DEBUG=1",
					"$(inherited)",
				);
				GCC_WARN_64_TO_32_BIT_CONVERSION = YES;
				GCC_WARN_ABOUT_RETURN_TYPE = YES_ERROR;
				GCC_WARN_UNDECLARED_SELECTOR = YES;
				GCC_WARN_UNINITIALIZED_AUTOS = YES_AGGRESSIVE;
				GCC_WARN_UNUSED_FUNCTION = YES;
				GCC_WARN_UNUSED_VARIABLE = YES;
				IPHONEOS_DEPLOYMENT_TARGET = 11.0;
				MTL_ENABLE_DEBUG_INFO = YES;
				ONLY_ACTIVE_ARCH = YES;
				SDKROOT = iphoneos;
				SWIFT_ACTIVE_COMPILATION_CONDITIONS = DEBUG;
				SWIFT_OPTIMIZATION_LEVEL = "-Onone";
			};
			name = Debug;
		};
		9FE8F4D61F96B530004AECEB /* Release */ = {
			isa = XCBuildConfiguration;
			buildSettings = {
				ALWAYS_SEARCH_USER_PATHS = NO;
				CLANG_ANALYZER_NONNULL = YES;
				CLANG_ANALYZER_NUMBER_OBJECT_CONVERSION = YES_AGGRESSIVE;
				CLANG_CXX_LANGUAGE_STANDARD = "gnu++14";
				CLANG_CXX_LIBRARY = "libc++";
				CLANG_ENABLE_MODULES = YES;
				CLANG_ENABLE_OBJC_ARC = YES;
				CLANG_WARN_BLOCK_CAPTURE_AUTORELEASING = YES;
				CLANG_WARN_BOOL_CONVERSION = YES;
				CLANG_WARN_COMMA = YES;
				CLANG_WARN_CONSTANT_CONVERSION = YES;
				CLANG_WARN_DIRECT_OBJC_ISA_USAGE = YES_ERROR;
				CLANG_WARN_DOCUMENTATION_COMMENTS = YES;
				CLANG_WARN_EMPTY_BODY = YES;
				CLANG_WARN_ENUM_CONVERSION = YES;
				CLANG_WARN_INFINITE_RECURSION = YES;
				CLANG_WARN_INT_CONVERSION = YES;
				CLANG_WARN_NON_LITERAL_NULL_CONVERSION = YES;
				CLANG_WARN_OBJC_LITERAL_CONVERSION = YES;
				CLANG_WARN_OBJC_ROOT_CLASS = YES_ERROR;
				CLANG_WARN_RANGE_LOOP_ANALYSIS = YES;
				CLANG_WARN_STRICT_PROTOTYPES = YES;
				CLANG_WARN_SUSPICIOUS_MOVE = YES;
				CLANG_WARN_UNGUARDED_AVAILABILITY = YES_AGGRESSIVE;
				CLANG_WARN_UNREACHABLE_CODE = YES;
				CLANG_WARN__DUPLICATE_METHOD_MATCH = YES;
				CODE_SIGN_IDENTITY = "iPhone Developer";
				COPY_PHASE_STRIP = NO;
				DEBUG_INFORMATION_FORMAT = "dwarf-with-dsym";
				ENABLE_NS_ASSERTIONS = NO;
				ENABLE_STRICT_OBJC_MSGSEND = YES;
				GCC_C_LANGUAGE_STANDARD = gnu11;
				GCC_NO_COMMON_BLOCKS = YES;
				GCC_WARN_64_TO_32_BIT_CONVERSION = YES;
				GCC_WARN_ABOUT_RETURN_TYPE = YES_ERROR;
				GCC_WARN_UNDECLARED_SELECTOR = YES;
				GCC_WARN_UNINITIALIZED_AUTOS = YES_AGGRESSIVE;
				GCC_WARN_UNUSED_FUNCTION = YES;
				GCC_WARN_UNUSED_VARIABLE = YES;
				IPHONEOS_DEPLOYMENT_TARGET = 11.0;
				MTL_ENABLE_DEBUG_INFO = NO;
				SDKROOT = iphoneos;
				SWIFT_OPTIMIZATION_LEVEL = "-Owholemodule";
				VALIDATE_PRODUCT = YES;
			};
			name = Release;
		};
		9FE8F4D81F96B530004AECEB /* Debug */ = {
			isa = XCBuildConfiguration;
			buildSettings = {
				ASSETCATALOG_COMPILER_APPICON_NAME = AppIcon;
				CODE_SIGN_STYLE = Automatic;
				INFOPLIST_FILE = PrimeiroProjeto/Info.plist;
				LD_RUNPATH_SEARCH_PATHS = "$(inherited) @executable_path/Frameworks";
				PRODUCT_BUNDLE_IDENTIFIER = com.ppro.PrimeiroProjeto;
				PRODUCT_NAME = "$(TARGET_NAME)";
				SWIFT_VERSION = 4.0;
				TARGETED_DEVICE_FAMILY = "1,2";
			};
			name = Debug;
		};
		9FE8F4D91F96B530004AECEB /* Release */ = {
			isa = XCBuildConfiguration;
			buildSettings = {
				ASSETCATALOG_COMPILER_APPICON_NAME = AppIcon;
				CODE_SIGN_STYLE = Automatic;
				INFOPLIST_FILE = PrimeiroProjeto/Info.plist;
				LD_RUNPATH_SEARCH_PATHS = "$(inherited) @executable_path/Frameworks";
				PRODUCT_BUNDLE_IDENTIFIER = com.ppro.PrimeiroProjeto;
				PRODUCT_NAME = "$(TARGET_NAME)";
				SWIFT_VERSION = 4.0;
				TARGETED_DEVICE_FAMILY = "1,2";
			};
			name = Release;
		};
		9FE8F4DB1F96B530004AECEB /* Debug */ = {
			isa = XCBuildConfiguration;
			buildSettings = {
				ALWAYS_EMBED_SWIFT_STANDARD_LIBRARIES = YES;
				BUNDLE_LOADER = "$(TEST_HOST)";
				CODE_SIGN_STYLE = Automatic;
				INFOPLIST_FILE = PrimeiroProjetoTests/Info.plist;
				LD_RUNPATH_SEARCH_PATHS = "$(inherited) @executable_path/Frameworks @loader_path/Frameworks";
				PRODUCT_BUNDLE_IDENTIFIER = com.ppro.PrimeiroProjetoTests;
				PRODUCT_NAME = "$(TARGET_NAME)";
				SWIFT_VERSION = 4.0;
				TARGETED_DEVICE_FAMILY = "1,2";
				TEST_HOST = "$(BUILT_PRODUCTS_DIR)/PrimeiroProjeto.app/PrimeiroProjeto";
			};
			name = Debug;
		};
		9FE8F4DC1F96B530004AECEB /* Release */ = {
			isa = XCBuildConfiguration;
			buildSettings = {
				ALWAYS_EMBED_SWIFT_STANDARD_LIBRARIES = YES;
				BUNDLE_LOADER = "$(TEST_HOST)";
				CODE_SIGN_STYLE = Automatic;
				INFOPLIST_FILE = PrimeiroProjetoTests/Info.plist;
				LD_RUNPATH_SEARCH_PATHS = "$(inherited) @executable_path/Frameworks @loader_path/Frameworks";
				PRODUCT_BUNDLE_IDENTIFIER = com.ppro.PrimeiroProjetoTests;
				PRODUCT_NAME = "$(TARGET_NAME)";
				SWIFT_VERSION = 4.0;
				TARGETED_DEVICE_FAMILY = "1,2";
				TEST_HOST = "$(BUILT_PRODUCTS_DIR)/PrimeiroProjeto.app/PrimeiroProjeto";
			};
			name = Release;
		};
		9FE8F4DE1F96B530004AECEB /* Debug */ = {
			isa = XCBuildConfiguration;
			buildSettings = {
				ALWAYS_EMBED_SWIFT_STANDARD_LIBRARIES = YES;
				CODE_SIGN_STYLE = Automatic;
				INFOPLIST_FILE = PrimeiroProjetoUITests/Info.plist;
				LD_RUNPATH_SEARCH_PATHS = "$(inherited) @executable_path/Frameworks @loader_path/Frameworks";
				PRODUCT_BUNDLE_IDENTIFIER = com.ppro.PrimeiroProjetoUITests;
				PRODUCT_NAME = "$(TARGET_NAME)";
				SWIFT_VERSION = 4.0;
				TARGETED_DEVICE_FAMILY = "1,2";
				TEST_TARGET_NAME = PrimeiroProjeto;
			};
			name = Debug;
		};
		9FE8F4DF1F96B530004AECEB /* Release */ = {
			isa = XCBuildConfiguration;
			buildSettings = {
				ALWAYS_EMBED_SWIFT_STANDARD_LIBRARIES = YES;
				CODE_SIGN_STYLE = Automatic;
				INFOPLIST_FILE = PrimeiroProjetoUITests/Info.plist;
				LD_RUNPATH_SEARCH_PATHS = "$(inherited) @executable_path/Frameworks @loader_path/Frameworks";
				PRODUCT_BUNDLE_IDENTIFIER = com.ppro.PrimeiroProjetoUITests;
				PRODUCT_NAME = "$(TARGET_NAME)";
				SWIFT_VERSION = 4.0;
				TARGETED_DEVICE_FAMILY = "1,2";
				TEST_TARGET_NAME = PrimeiroProjeto;
			};
			name = Release;
		};
/* End XCBuildConfiguration section */

/* Begin XCConfigurationList section */
		9FE8F4AA1F96B530004AECEB /* Build configuration list for PBXProject "PrimeiroProjeto" */ = {
			isa = XCConfigurationList;
			buildConfigurations = (
				9FE8F4D51F96B530004AECEB /* Debug */,
				9FE8F4D61F96B530004AECEB /* Release */,
			);
			defaultConfigurationIsVisible = 0;
			defaultConfigurationName = Release;
		};
		9FE8F4D71F96B530004AECEB /* Build configuration list for PBXNativeTarget "PrimeiroProjeto" */ = {
			isa = XCConfigurationList;
			buildConfigurations = (
				9FE8F4D81F96B530004AECEB /* Debug */,
				9FE8F4D91F96B530004AECEB /* Release */,
			);
			defaultConfigurationIsVisible = 0;
			defaultConfigurationName = Release;
		};
		9FE8F4DA1F96B530004AECEB /* Build configuration list for PBXNativeTarget "PrimeiroProjetoTests" */ = {
			isa = XCConfigurationList;
			buildConfigurations = (
				9FE8F4DB1F96B530004AECEB /* Debug */,
				9FE8F4DC1F96B530004AECEB /* Release */,
			);
			defaultConfigurationIsVisible = 0;
			defaultConfigurationName = Release;
		};
		9FE8F4DD1F96B530004AECEB /* Build configuration list for PBXNativeTarget "PrimeiroProjetoUITests" */ = {
			isa = XCConfigurationList;
			buildConfigurations = (
				9FE8F4DE1F96B530004AECEB /* Debug */,
				9FE8F4DF1F96B530004AECEB /* Release */,
			);
			defaultConfigurationIsVisible = 0;
			defaultConfigurationName = Release;
		};
/* End XCConfigurationList section */
	};
	rootObject = 9FE8F4A71F96B530004AECEB /* Project object */;
}
